// !$*UTF8*$!
{
	archiveVersion = 1;
	classes = {
	};
	objectVersion = 56;
	objects = {

/* Begin PBXBuildFile section */
		7608DE7F2A9FC2810036027A /* FirebaseClient.swift in Sources */ = {isa = PBXBuildFile; fileRef = 7608DE7E2A9FC2810036027A /* FirebaseClient.swift */; };
		7608DE822A9FC31F0036027A /* Dependencies.framework in Frameworks */ = {isa = PBXBuildFile; fileRef = 7608DE812A9FC31F0036027A /* Dependencies.framework */; };
		7608DE832A9FC31F0036027A /* Dependencies.framework in Embed Frameworks */ = {isa = PBXBuildFile; fileRef = 7608DE812A9FC31F0036027A /* Dependencies.framework */; settings = {ATTRIBUTES = (CodeSignOnCopy, RemoveHeadersOnCopy, ); }; };
		7608DE872A9FC5020036027A /* FCollectionReference.swift in Sources */ = {isa = PBXBuildFile; fileRef = 7608DE862A9FC5020036027A /* FCollectionReference.swift */; };
		7608DE892A9FCBAB0036027A /* FirebaseError.swift in Sources */ = {isa = PBXBuildFile; fileRef = 7608DE882A9FCBAB0036027A /* FirebaseError.swift */; };
		7608DE8D2A9FCE0F0036027A /* UsersClient.swift in Sources */ = {isa = PBXBuildFile; fileRef = 7608DE8C2A9FCE0F0036027A /* UsersClient.swift */; };
		760B3EEB2A79AE50000CBDB5 /* ExtensionHelpers.swift in Sources */ = {isa = PBXBuildFile; fileRef = 760B3EEA2A79AE50000CBDB5 /* ExtensionHelpers.swift */; };
		760B3EEE2A79B22C000CBDB5 /* SessionAdapter.swift in Sources */ = {isa = PBXBuildFile; fileRef = 760B3EED2A79B22C000CBDB5 /* SessionAdapter.swift */; };
		761011A52B3A2206004639C4 /* MessagesClient.swift in Sources */ = {isa = PBXBuildFile; fileRef = 761011A42B3A2206004639C4 /* MessagesClient.swift */; };
		7637C55F2A79D6EC00EB7688 /* Alamofire in Frameworks */ = {isa = PBXBuildFile; productRef = 7637C55E2A79D6EC00EB7688 /* Alamofire */; };
		7637C5632A79D7A700EB7688 /* HttpGetProtocol.swift in Sources */ = {isa = PBXBuildFile; fileRef = 7637C5622A79D7A700EB7688 /* HttpGetProtocol.swift */; };
		7637C5652A79D7ED00EB7688 /* HttpPostProtocol.swift in Sources */ = {isa = PBXBuildFile; fileRef = 7637C5642A79D7ED00EB7688 /* HttpPostProtocol.swift */; };
		7637C5672A79D82100EB7688 /* HttpError.swift in Sources */ = {isa = PBXBuildFile; fileRef = 7637C5662A79D82100EB7688 /* HttpError.swift */; };
		7669BA2F2ABDDCE40002AD4C /* StartChatClient.swift in Sources */ = {isa = PBXBuildFile; fileRef = 7669BA2E2ABDDCE40002AD4C /* StartChatClient.swift */; };
		769545722A76EAEA00BF114D /* NetworkKit.docc in Sources */ = {isa = PBXBuildFile; fileRef = 769545712A76EAEA00BF114D /* NetworkKit.docc */; };
		769545782A76EAEA00BF114D /* NetworkKit.framework in Frameworks */ = {isa = PBXBuildFile; fileRef = 7695456D2A76EAEA00BF114D /* NetworkKit.framework */; };
		7695457D2A76EAEA00BF114D /* NetworkKitTests.swift in Sources */ = {isa = PBXBuildFile; fileRef = 7695457C2A76EAEA00BF114D /* NetworkKitTests.swift */; };
		7695457E2A76EAEA00BF114D /* NetworkKit.h in Headers */ = {isa = PBXBuildFile; fileRef = 769545702A76EAEA00BF114D /* NetworkKit.h */; settings = {ATTRIBUTES = (Public, ); }; };
		76D246742AC355C700FDA81E /* RecentChatClient.swift in Sources */ = {isa = PBXBuildFile; fileRef = 76D246732AC355C700FDA81E /* RecentChatClient.swift */; };
		76D246782AC4A34600FDA81E /* ChatHelperClient.swift in Sources */ = {isa = PBXBuildFile; fileRef = 76D246772AC4A34600FDA81E /* ChatHelperClient.swift */; };
		76EB85432B41E1F10090CE1C /* Constants.swift in Sources */ = {isa = PBXBuildFile; fileRef = 76EB85422B41E1F10090CE1C /* Constants.swift */; };
/* End PBXBuildFile section */

/* Begin PBXContainerItemProxy section */
		7619B64A2A76F6E500A841F0 /* PBXContainerItemProxy */ = {
			isa = PBXContainerItemProxy;
			containerPortal = 7619B6442A76F6E500A841F0 /* NetworkKit-SampleApp.xcodeproj */;
			proxyType = 2;
			remoteGlobalIDString = 7619B6112A76F6E300A841F0;
			remoteInfo = "NetworkKit-SampleApp";
		};
		769545792A76EAEA00BF114D /* PBXContainerItemProxy */ = {
			isa = PBXContainerItemProxy;
			containerPortal = 769545642A76EAEA00BF114D /* Project object */;
			proxyType = 1;
			remoteGlobalIDString = 7695456C2A76EAEA00BF114D;
			remoteInfo = NetworkKit;
		};
/* End PBXContainerItemProxy section */

/* Begin PBXCopyFilesBuildPhase section */
		7608DE842A9FC31F0036027A /* Embed Frameworks */ = {
			isa = PBXCopyFilesBuildPhase;
			buildActionMask = 2147483647;
			dstPath = "";
			dstSubfolderSpec = 10;
			files = (
				7608DE832A9FC31F0036027A /* Dependencies.framework in Embed Frameworks */,
			);
			name = "Embed Frameworks";
			runOnlyForDeploymentPostprocessing = 0;
		};
/* End PBXCopyFilesBuildPhase section */

/* Begin PBXFileReference section */
		7608DE7E2A9FC2810036027A /* FirebaseClient.swift */ = {isa = PBXFileReference; lastKnownFileType = sourcecode.swift; path = FirebaseClient.swift; sourceTree = "<group>"; };
		7608DE812A9FC31F0036027A /* Dependencies.framework */ = {isa = PBXFileReference; explicitFileType = wrapper.framework; path = Dependencies.framework; sourceTree = BUILT_PRODUCTS_DIR; };
		7608DE862A9FC5020036027A /* FCollectionReference.swift */ = {isa = PBXFileReference; lastKnownFileType = sourcecode.swift; path = FCollectionReference.swift; sourceTree = "<group>"; };
		7608DE882A9FCBAB0036027A /* FirebaseError.swift */ = {isa = PBXFileReference; lastKnownFileType = sourcecode.swift; path = FirebaseError.swift; sourceTree = "<group>"; };
		7608DE8C2A9FCE0F0036027A /* UsersClient.swift */ = {isa = PBXFileReference; lastKnownFileType = sourcecode.swift; path = UsersClient.swift; sourceTree = "<group>"; };
		760B3EEA2A79AE50000CBDB5 /* ExtensionHelpers.swift */ = {isa = PBXFileReference; lastKnownFileType = sourcecode.swift; path = ExtensionHelpers.swift; sourceTree = "<group>"; };
		760B3EED2A79B22C000CBDB5 /* SessionAdapter.swift */ = {isa = PBXFileReference; lastKnownFileType = sourcecode.swift; path = SessionAdapter.swift; sourceTree = "<group>"; };
		761011A42B3A2206004639C4 /* MessagesClient.swift */ = {isa = PBXFileReference; lastKnownFileType = sourcecode.swift; path = MessagesClient.swift; sourceTree = "<group>"; };
		7619B6442A76F6E500A841F0 /* NetworkKit-SampleApp.xcodeproj */ = {isa = PBXFileReference; lastKnownFileType = "wrapper.pb-project"; name = "NetworkKit-SampleApp.xcodeproj"; path = "SampleApp/NetworkKit-SampleApp/NetworkKit-SampleApp.xcodeproj"; sourceTree = "<group>"; };
		7637C5622A79D7A700EB7688 /* HttpGetProtocol.swift */ = {isa = PBXFileReference; lastKnownFileType = sourcecode.swift; path = HttpGetProtocol.swift; sourceTree = "<group>"; };
		7637C5642A79D7ED00EB7688 /* HttpPostProtocol.swift */ = {isa = PBXFileReference; lastKnownFileType = sourcecode.swift; path = HttpPostProtocol.swift; sourceTree = "<group>"; };
		7637C5662A79D82100EB7688 /* HttpError.swift */ = {isa = PBXFileReference; lastKnownFileType = sourcecode.swift; path = HttpError.swift; sourceTree = "<group>"; };
		7669BA2E2ABDDCE40002AD4C /* StartChatClient.swift */ = {isa = PBXFileReference; lastKnownFileType = sourcecode.swift; path = StartChatClient.swift; sourceTree = "<group>"; };
		7695456D2A76EAEA00BF114D /* NetworkKit.framework */ = {isa = PBXFileReference; explicitFileType = wrapper.framework; includeInIndex = 0; path = NetworkKit.framework; sourceTree = BUILT_PRODUCTS_DIR; };
		769545702A76EAEA00BF114D /* NetworkKit.h */ = {isa = PBXFileReference; lastKnownFileType = sourcecode.c.h; path = NetworkKit.h; sourceTree = "<group>"; };
		769545712A76EAEA00BF114D /* NetworkKit.docc */ = {isa = PBXFileReference; lastKnownFileType = folder.documentationcatalog; path = NetworkKit.docc; sourceTree = "<group>"; };
		769545772A76EAEA00BF114D /* NetworkKitTests.xctest */ = {isa = PBXFileReference; explicitFileType = wrapper.cfbundle; includeInIndex = 0; path = NetworkKitTests.xctest; sourceTree = BUILT_PRODUCTS_DIR; };
		7695457C2A76EAEA00BF114D /* NetworkKitTests.swift */ = {isa = PBXFileReference; lastKnownFileType = sourcecode.swift; path = NetworkKitTests.swift; sourceTree = "<group>"; };
		76D246732AC355C700FDA81E /* RecentChatClient.swift */ = {isa = PBXFileReference; lastKnownFileType = sourcecode.swift; path = RecentChatClient.swift; sourceTree = "<group>"; };
		76D246772AC4A34600FDA81E /* ChatHelperClient.swift */ = {isa = PBXFileReference; lastKnownFileType = sourcecode.swift; path = ChatHelperClient.swift; sourceTree = "<group>"; };
		76EB85422B41E1F10090CE1C /* Constants.swift */ = {isa = PBXFileReference; lastKnownFileType = sourcecode.swift; path = Constants.swift; sourceTree = "<group>"; };
/* End PBXFileReference section */

/* Begin PBXFrameworksBuildPhase section */
		7695456A2A76EAEA00BF114D /* Frameworks */ = {
			isa = PBXFrameworksBuildPhase;
			buildActionMask = 2147483647;
			files = (
				7637C55F2A79D6EC00EB7688 /* Alamofire in Frameworks */,
				7608DE822A9FC31F0036027A /* Dependencies.framework in Frameworks */,
			);
			runOnlyForDeploymentPostprocessing = 0;
		};
		769545742A76EAEA00BF114D /* Frameworks */ = {
			isa = PBXFrameworksBuildPhase;
			buildActionMask = 2147483647;
			files = (
				769545782A76EAEA00BF114D /* NetworkKit.framework in Frameworks */,
			);
			runOnlyForDeploymentPostprocessing = 0;
		};
/* End PBXFrameworksBuildPhase section */

/* Begin PBXGroup section */
		7608DE802A9FC31F0036027A /* Frameworks */ = {
			isa = PBXGroup;
			children = (
				7608DE812A9FC31F0036027A /* Dependencies.framework */,
			);
			name = Frameworks;
			sourceTree = "<group>";
		};
		7608DE852A9FC4F50036027A /* Firebase */ = {
			isa = PBXGroup;
			children = (
				761011A32B3A218D004639C4 /* ChatMessage */,
				7608DE7E2A9FC2810036027A /* FirebaseClient.swift */,
				7608DE8C2A9FCE0F0036027A /* UsersClient.swift */,
				7669BA2E2ABDDCE40002AD4C /* StartChatClient.swift */,
				76D246732AC355C700FDA81E /* RecentChatClient.swift */,
				76D246772AC4A34600FDA81E /* ChatHelperClient.swift */,
				7608DE8B2A9FCDDE0036027A /* Error */,
				7608DE8A2A9FCDD10036027A /* References */,
			);
			path = Firebase;
			sourceTree = "<group>";
		};
		7608DE8A2A9FCDD10036027A /* References */ = {
			isa = PBXGroup;
			children = (
				7608DE862A9FC5020036027A /* FCollectionReference.swift */,
			);
			path = References;
			sourceTree = "<group>";
		};
		7608DE8B2A9FCDDE0036027A /* Error */ = {
			isa = PBXGroup;
			children = (
				7608DE882A9FCBAB0036027A /* FirebaseError.swift */,
			);
			path = Error;
			sourceTree = "<group>";
		};
		760B3EE82A79AE45000CBDB5 /* Helpers */ = {
			isa = PBXGroup;
			children = (
				760B3EEA2A79AE50000CBDB5 /* ExtensionHelpers.swift */,
				76EB85422B41E1F10090CE1C /* Constants.swift */,
			);
			path = Helpers;
			sourceTree = "<group>";
		};
		760B3EEC2A79B201000CBDB5 /* Adapters */ = {
			isa = PBXGroup;
			children = (
				760B3EED2A79B22C000CBDB5 /* SessionAdapter.swift */,
			);
			path = Adapters;
			sourceTree = "<group>";
		};
		761011A32B3A218D004639C4 /* ChatMessage */ = {
			isa = PBXGroup;
			children = (
				761011A42B3A2206004639C4 /* MessagesClient.swift */,
			);
			path = ChatMessage;
			sourceTree = "<group>";
		};
		7619B6452A76F6E500A841F0 /* Products */ = {
			isa = PBXGroup;
			children = (
				7619B64B2A76F6E500A841F0 /* NetworkKit-SampleApp.app */,
			);
			name = Products;
			sourceTree = "<group>";
		};
		7619B6522A76F70E00A841F0 /* SampleApp */ = {
			isa = PBXGroup;
			children = (
				7619B6442A76F6E500A841F0 /* NetworkKit-SampleApp.xcodeproj */,
			);
			name = SampleApp;
			sourceTree = "<group>";
		};
		7637C5612A79D77C00EB7688 /* Http */ = {
			isa = PBXGroup;
			children = (
				7637C5622A79D7A700EB7688 /* HttpGetProtocol.swift */,
				7637C5642A79D7ED00EB7688 /* HttpPostProtocol.swift */,
				7637C5662A79D82100EB7688 /* HttpError.swift */,
			);
			path = Http;
			sourceTree = "<group>";
		};
		769545632A76EAEA00BF114D = {
			isa = PBXGroup;
			children = (
				7695456F2A76EAEA00BF114D /* NetworkKit */,
				7695457B2A76EAEA00BF114D /* NetworkKitTests */,
				7695456E2A76EAEA00BF114D /* Products */,
				7619B6522A76F70E00A841F0 /* SampleApp */,
				7608DE802A9FC31F0036027A /* Frameworks */,
			);
			sourceTree = "<group>";
		};
		7695456E2A76EAEA00BF114D /* Products */ = {
			isa = PBXGroup;
			children = (
				7695456D2A76EAEA00BF114D /* NetworkKit.framework */,
				769545772A76EAEA00BF114D /* NetworkKitTests.xctest */,
			);
			name = Products;
			sourceTree = "<group>";
		};
		7695456F2A76EAEA00BF114D /* NetworkKit */ = {
			isa = PBXGroup;
			children = (
				7608DE852A9FC4F50036027A /* Firebase */,
				7637C5612A79D77C00EB7688 /* Http */,
				760B3EEC2A79B201000CBDB5 /* Adapters */,
				760B3EE82A79AE45000CBDB5 /* Helpers */,
				769545702A76EAEA00BF114D /* NetworkKit.h */,
				769545712A76EAEA00BF114D /* NetworkKit.docc */,
			);
			path = NetworkKit;
			sourceTree = "<group>";
		};
		7695457B2A76EAEA00BF114D /* NetworkKitTests */ = {
			isa = PBXGroup;
			children = (
				7695457C2A76EAEA00BF114D /* NetworkKitTests.swift */,
			);
			path = NetworkKitTests;
			sourceTree = "<group>";
		};
/* End PBXGroup section */

/* Begin PBXHeadersBuildPhase section */
		769545682A76EAEA00BF114D /* Headers */ = {
			isa = PBXHeadersBuildPhase;
			buildActionMask = 2147483647;
			files = (
				7695457E2A76EAEA00BF114D /* NetworkKit.h in Headers */,
			);
			runOnlyForDeploymentPostprocessing = 0;
		};
/* End PBXHeadersBuildPhase section */

/* Begin PBXNativeTarget section */
		7695456C2A76EAEA00BF114D /* NetworkKit */ = {
			isa = PBXNativeTarget;
			buildConfigurationList = 769545812A76EAEA00BF114D /* Build configuration list for PBXNativeTarget "NetworkKit" */;
			buildPhases = (
				769545682A76EAEA00BF114D /* Headers */,
				769545692A76EAEA00BF114D /* Sources */,
				7695456A2A76EAEA00BF114D /* Frameworks */,
				7695456B2A76EAEA00BF114D /* Resources */,
				7608DE842A9FC31F0036027A /* Embed Frameworks */,
			);
			buildRules = (
			);
			dependencies = (
			);
			name = NetworkKit;
			packageProductDependencies = (
				7637C55E2A79D6EC00EB7688 /* Alamofire */,
			);
			productName = NetworkKit;
			productReference = 7695456D2A76EAEA00BF114D /* NetworkKit.framework */;
			productType = "com.apple.product-type.framework";
		};
		769545762A76EAEA00BF114D /* NetworkKitTests */ = {
			isa = PBXNativeTarget;
			buildConfigurationList = 769545842A76EAEA00BF114D /* Build configuration list for PBXNativeTarget "NetworkKitTests" */;
			buildPhases = (
				769545732A76EAEA00BF114D /* Sources */,
				769545742A76EAEA00BF114D /* Frameworks */,
				769545752A76EAEA00BF114D /* Resources */,
			);
			buildRules = (
			);
			dependencies = (
				7695457A2A76EAEA00BF114D /* PBXTargetDependency */,
			);
			name = NetworkKitTests;
			productName = NetworkKitTests;
			productReference = 769545772A76EAEA00BF114D /* NetworkKitTests.xctest */;
			productType = "com.apple.product-type.bundle.unit-test";
		};
/* End PBXNativeTarget section */

/* Begin PBXProject section */
		769545642A76EAEA00BF114D /* Project object */ = {
			isa = PBXProject;
			attributes = {
				BuildIndependentTargetsInParallel = 1;
				LastSwiftUpdateCheck = 1430;
				LastUpgradeCheck = 1430;
				TargetAttributes = {
					7695456C2A76EAEA00BF114D = {
						CreatedOnToolsVersion = 14.3.1;
					};
					769545762A76EAEA00BF114D = {
						CreatedOnToolsVersion = 14.3.1;
					};
				};
			};
			buildConfigurationList = 769545672A76EAEA00BF114D /* Build configuration list for PBXProject "NetworkKit" */;
			compatibilityVersion = "Xcode 14.0";
			developmentRegion = en;
			hasScannedForEncodings = 0;
			knownRegions = (
				en,
				Base,
			);
			mainGroup = 769545632A76EAEA00BF114D;
			packageReferences = (
				7637C55D2A79D6EC00EB7688 /* XCRemoteSwiftPackageReference "Alamofire" */,
			);
			productRefGroup = 7695456E2A76EAEA00BF114D /* Products */;
			projectDirPath = "";
			projectReferences = (
				{
					ProductGroup = 7619B6452A76F6E500A841F0 /* Products */;
					ProjectRef = 7619B6442A76F6E500A841F0 /* NetworkKit-SampleApp.xcodeproj */;
				},
			);
			projectRoot = "";
			targets = (
				7695456C2A76EAEA00BF114D /* NetworkKit */,
				769545762A76EAEA00BF114D /* NetworkKitTests */,
			);
		};
/* End PBXProject section */

/* Begin PBXReferenceProxy section */
		7619B64B2A76F6E500A841F0 /* NetworkKit-SampleApp.app */ = {
			isa = PBXReferenceProxy;
			fileType = wrapper.application;
			path = "NetworkKit-SampleApp.app";
			remoteRef = 7619B64A2A76F6E500A841F0 /* PBXContainerItemProxy */;
			sourceTree = BUILT_PRODUCTS_DIR;
		};
/* End PBXReferenceProxy section */

/* Begin PBXResourcesBuildPhase section */
		7695456B2A76EAEA00BF114D /* Resources */ = {
			isa = PBXResourcesBuildPhase;
			buildActionMask = 2147483647;
			files = (
			);
			runOnlyForDeploymentPostprocessing = 0;
		};
		769545752A76EAEA00BF114D /* Resources */ = {
			isa = PBXResourcesBuildPhase;
			buildActionMask = 2147483647;
			files = (
			);
			runOnlyForDeploymentPostprocessing = 0;
		};
/* End PBXResourcesBuildPhase section */

/* Begin PBXSourcesBuildPhase section */
		769545692A76EAEA00BF114D /* Sources */ = {
			isa = PBXSourcesBuildPhase;
			buildActionMask = 2147483647;
			files = (
				7608DE892A9FCBAB0036027A /* FirebaseError.swift in Sources */,
				761011A52B3A2206004639C4 /* MessagesClient.swift in Sources */,
				7669BA2F2ABDDCE40002AD4C /* StartChatClient.swift in Sources */,
				760B3EEE2A79B22C000CBDB5 /* SessionAdapter.swift in Sources */,
				7637C5672A79D82100EB7688 /* HttpError.swift in Sources */,
				76EB85432B41E1F10090CE1C /* Constants.swift in Sources */,
				7608DE7F2A9FC2810036027A /* FirebaseClient.swift in Sources */,
				760B3EEB2A79AE50000CBDB5 /* ExtensionHelpers.swift in Sources */,
				76D246742AC355C700FDA81E /* RecentChatClient.swift in Sources */,
				7637C5632A79D7A700EB7688 /* HttpGetProtocol.swift in Sources */,
				7608DE872A9FC5020036027A /* FCollectionReference.swift in Sources */,
				7637C5652A79D7ED00EB7688 /* HttpPostProtocol.swift in Sources */,
				76D246782AC4A34600FDA81E /* ChatHelperClient.swift in Sources */,
				769545722A76EAEA00BF114D /* NetworkKit.docc in Sources */,
				7608DE8D2A9FCE0F0036027A /* UsersClient.swift in Sources */,
			);
			runOnlyForDeploymentPostprocessing = 0;
		};
		769545732A76EAEA00BF114D /* Sources */ = {
			isa = PBXSourcesBuildPhase;
			buildActionMask = 2147483647;
			files = (
				7695457D2A76EAEA00BF114D /* NetworkKitTests.swift in Sources */,
			);
			runOnlyForDeploymentPostprocessing = 0;
		};
/* End PBXSourcesBuildPhase section */

/* Begin PBXTargetDependency section */
		7695457A2A76EAEA00BF114D /* PBXTargetDependency */ = {
			isa = PBXTargetDependency;
			target = 7695456C2A76EAEA00BF114D /* NetworkKit */;
			targetProxy = 769545792A76EAEA00BF114D /* PBXContainerItemProxy */;
		};
/* End PBXTargetDependency section */

/* Begin XCBuildConfiguration section */
		7695457F2A76EAEA00BF114D /* Debug */ = {
			isa = XCBuildConfiguration;
			buildSettings = {
				ALWAYS_SEARCH_USER_PATHS = NO;
				CLANG_ANALYZER_NONNULL = YES;
				CLANG_ANALYZER_NUMBER_OBJECT_CONVERSION = YES_AGGRESSIVE;
				CLANG_CXX_LANGUAGE_STANDARD = "gnu++20";
				CLANG_ENABLE_MODULES = YES;
				CLANG_ENABLE_OBJC_ARC = YES;
				CLANG_ENABLE_OBJC_WEAK = YES;
				CLANG_WARN_BLOCK_CAPTURE_AUTORELEASING = YES;
				CLANG_WARN_BOOL_CONVERSION = YES;
				CLANG_WARN_COMMA = YES;
				CLANG_WARN_CONSTANT_CONVERSION = YES;
				CLANG_WARN_DEPRECATED_OBJC_IMPLEMENTATIONS = YES;
				CLANG_WARN_DIRECT_OBJC_ISA_USAGE = YES_ERROR;
				CLANG_WARN_DOCUMENTATION_COMMENTS = YES;
				CLANG_WARN_EMPTY_BODY = YES;
				CLANG_WARN_ENUM_CONVERSION = YES;
				CLANG_WARN_INFINITE_RECURSION = YES;
				CLANG_WARN_INT_CONVERSION = YES;
				CLANG_WARN_NON_LITERAL_NULL_CONVERSION = YES;
				CLANG_WARN_OBJC_IMPLICIT_RETAIN_SELF = YES;
				CLANG_WARN_OBJC_LITERAL_CONVERSION = YES;
				CLANG_WARN_OBJC_ROOT_CLASS = YES_ERROR;
				CLANG_WARN_QUOTED_INCLUDE_IN_FRAMEWORK_HEADER = YES;
				CLANG_WARN_RANGE_LOOP_ANALYSIS = YES;
				CLANG_WARN_STRICT_PROTOTYPES = YES;
				CLANG_WARN_SUSPICIOUS_MOVE = YES;
				CLANG_WARN_UNGUARDED_AVAILABILITY = YES_AGGRESSIVE;
				CLANG_WARN_UNREACHABLE_CODE = YES;
				CLANG_WARN__DUPLICATE_METHOD_MATCH = YES;
				COPY_PHASE_STRIP = NO;
				CURRENT_PROJECT_VERSION = 1;
				DEBUG_INFORMATION_FORMAT = dwarf;
				ENABLE_STRICT_OBJC_MSGSEND = YES;
				ENABLE_TESTABILITY = YES;
				GCC_C_LANGUAGE_STANDARD = gnu11;
				GCC_DYNAMIC_NO_PIC = NO;
				GCC_NO_COMMON_BLOCKS = YES;
				GCC_OPTIMIZATION_LEVEL = 0;
				GCC_PREPROCESSOR_DEFINITIONS = (
					"DEBUG=1",
					"$(inherited)",
				);
				GCC_WARN_64_TO_32_BIT_CONVERSION = YES;
				GCC_WARN_ABOUT_RETURN_TYPE = YES_ERROR;
				GCC_WARN_UNDECLARED_SELECTOR = YES;
				GCC_WARN_UNINITIALIZED_AUTOS = YES_AGGRESSIVE;
				GCC_WARN_UNUSED_FUNCTION = YES;
				GCC_WARN_UNUSED_VARIABLE = YES;
				IPHONEOS_DEPLOYMENT_TARGET = 16.4;
				MTL_ENABLE_DEBUG_INFO = INCLUDE_SOURCE;
				MTL_FAST_MATH = YES;
				ONLY_ACTIVE_ARCH = YES;
				SDKROOT = iphoneos;
				SWIFT_ACTIVE_COMPILATION_CONDITIONS = DEBUG;
				SWIFT_OPTIMIZATION_LEVEL = "-Onone";
				VERSIONING_SYSTEM = "apple-generic";
				VERSION_INFO_PREFIX = "";
			};
			name = Debug;
		};
		769545802A76EAEA00BF114D /* Release */ = {
			isa = XCBuildConfiguration;
			buildSettings = {
				ALWAYS_SEARCH_USER_PATHS = NO;
				CLANG_ANALYZER_NONNULL = YES;
				CLANG_ANALYZER_NUMBER_OBJECT_CONVERSION = YES_AGGRESSIVE;
				CLANG_CXX_LANGUAGE_STANDARD = "gnu++20";
				CLANG_ENABLE_MODULES = YES;
				CLANG_ENABLE_OBJC_ARC = YES;
				CLANG_ENABLE_OBJC_WEAK = YES;
				CLANG_WARN_BLOCK_CAPTURE_AUTORELEASING = YES;
				CLANG_WARN_BOOL_CONVERSION = YES;
				CLANG_WARN_COMMA = YES;
				CLANG_WARN_CONSTANT_CONVERSION = YES;
				CLANG_WARN_DEPRECATED_OBJC_IMPLEMENTATIONS = YES;
				CLANG_WARN_DIRECT_OBJC_ISA_USAGE = YES_ERROR;
				CLANG_WARN_DOCUMENTATION_COMMENTS = YES;
				CLANG_WARN_EMPTY_BODY = YES;
				CLANG_WARN_ENUM_CONVERSION = YES;
				CLANG_WARN_INFINITE_RECURSION = YES;
				CLANG_WARN_INT_CONVERSION = YES;
				CLANG_WARN_NON_LITERAL_NULL_CONVERSION = YES;
				CLANG_WARN_OBJC_IMPLICIT_RETAIN_SELF = YES;
				CLANG_WARN_OBJC_LITERAL_CONVERSION = YES;
				CLANG_WARN_OBJC_ROOT_CLASS = YES_ERROR;
				CLANG_WARN_QUOTED_INCLUDE_IN_FRAMEWORK_HEADER = YES;
				CLANG_WARN_RANGE_LOOP_ANALYSIS = YES;
				CLANG_WARN_STRICT_PROTOTYPES = YES;
				CLANG_WARN_SUSPICIOUS_MOVE = YES;
				CLANG_WARN_UNGUARDED_AVAILABILITY = YES_AGGRESSIVE;
				CLANG_WARN_UNREACHABLE_CODE = YES;
				CLANG_WARN__DUPLICATE_METHOD_MATCH = YES;
				COPY_PHASE_STRIP = NO;
				CURRENT_PROJECT_VERSION = 1;
				DEBUG_INFORMATION_FORMAT = "dwarf-with-dsym";
				ENABLE_NS_ASSERTIONS = NO;
				ENABLE_STRICT_OBJC_MSGSEND = YES;
				GCC_C_LANGUAGE_STANDARD = gnu11;
				GCC_NO_COMMON_BLOCKS = YES;
				GCC_WARN_64_TO_32_BIT_CONVERSION = YES;
				GCC_WARN_ABOUT_RETURN_TYPE = YES_ERROR;
				GCC_WARN_UNDECLARED_SELECTOR = YES;
				GCC_WARN_UNINITIALIZED_AUTOS = YES_AGGRESSIVE;
				GCC_WARN_UNUSED_FUNCTION = YES;
				GCC_WARN_UNUSED_VARIABLE = YES;
				IPHONEOS_DEPLOYMENT_TARGET = 16.4;
				MTL_ENABLE_DEBUG_INFO = NO;
				MTL_FAST_MATH = YES;
				SDKROOT = iphoneos;
				SWIFT_COMPILATION_MODE = wholemodule;
				SWIFT_OPTIMIZATION_LEVEL = "-O";
				VALIDATE_PRODUCT = YES;
				VERSIONING_SYSTEM = "apple-generic";
				VERSION_INFO_PREFIX = "";
			};
			name = Release;
		};
		769545822A76EAEA00BF114D /* Debug */ = {
			isa = XCBuildConfiguration;
			buildSettings = {
				CODE_SIGN_STYLE = Automatic;
				CURRENT_PROJECT_VERSION = 1;
				DEFINES_MODULE = YES;
				DEVELOPMENT_TEAM = VZDNH969CP;
				DYLIB_COMPATIBILITY_VERSION = 1;
				DYLIB_CURRENT_VERSION = 1;
				DYLIB_INSTALL_NAME_BASE = "@rpath";
				ENABLE_MODULE_VERIFIER = YES;
				GENERATE_INFOPLIST_FILE = YES;
				INFOPLIST_KEY_NSHumanReadableCopyright = "";
				INSTALL_PATH = "$(LOCAL_LIBRARY_DIR)/Frameworks";
				LD_RUNPATH_SEARCH_PATHS = (
					"$(inherited)",
					"@executable_path/Frameworks",
					"@loader_path/Frameworks",
				);
				MARKETING_VERSION = 1.0;
				MODULE_VERIFIER_SUPPORTED_LANGUAGES = "objective-c objective-c++";
				MODULE_VERIFIER_SUPPORTED_LANGUAGE_STANDARDS = "gnu11 gnu++20";
				PRODUCT_BUNDLE_IDENTIFIER = lucasgonp.NetworkKit;
				PRODUCT_NAME = "$(TARGET_NAME:c99extidentifier)";
				SKIP_INSTALL = YES;
				SWIFT_EMIT_LOC_STRINGS = YES;
				SWIFT_VERSION = 5.0;
				TARGETED_DEVICE_FAMILY = "1,2";
			};
			name = Debug;
		};
		769545832A76EAEA00BF114D /* Release */ = {
			isa = XCBuildConfiguration;
			buildSettings = {
				CODE_SIGN_STYLE = Automatic;
				CURRENT_PROJECT_VERSION = 1;
				DEFINES_MODULE = YES;
				DEVELOPMENT_TEAM = VZDNH969CP;
				DYLIB_COMPATIBILITY_VERSION = 1;
				DYLIB_CURRENT_VERSION = 1;
				DYLIB_INSTALL_NAME_BASE = "@rpath";
				ENABLE_MODULE_VERIFIER = YES;
				GENERATE_INFOPLIST_FILE = YES;
				INFOPLIST_KEY_NSHumanReadableCopyright = "";
				INSTALL_PATH = "$(LOCAL_LIBRARY_DIR)/Frameworks";
				LD_RUNPATH_SEARCH_PATHS = (
					"$(inherited)",
					"@executable_path/Frameworks",
					"@loader_path/Frameworks",
				);
				MARKETING_VERSION = 1.0;
				MODULE_VERIFIER_SUPPORTED_LANGUAGES = "objective-c objective-c++";
				MODULE_VERIFIER_SUPPORTED_LANGUAGE_STANDARDS = "gnu11 gnu++20";
				PRODUCT_BUNDLE_IDENTIFIER = lucasgonp.NetworkKit;
				PRODUCT_NAME = "$(TARGET_NAME:c99extidentifier)";
				SKIP_INSTALL = YES;
				SWIFT_EMIT_LOC_STRINGS = YES;
				SWIFT_VERSION = 5.0;
				TARGETED_DEVICE_FAMILY = "1,2";
			};
			name = Release;
		};
		769545852A76EAEA00BF114D /* Debug */ = {
			isa = XCBuildConfiguration;
			buildSettings = {
				ALWAYS_EMBED_SWIFT_STANDARD_LIBRARIES = YES;
				CODE_SIGN_STYLE = Automatic;
				CURRENT_PROJECT_VERSION = 1;
				DEVELOPMENT_TEAM = VZDNH969CP;
				GENERATE_INFOPLIST_FILE = YES;
				MARKETING_VERSION = 1.0;
				PRODUCT_BUNDLE_IDENTIFIER = lucasgonp.NetworkKitTests;
				PRODUCT_NAME = "$(TARGET_NAME)";
				SWIFT_EMIT_LOC_STRINGS = NO;
				SWIFT_VERSION = 5.0;
				TARGETED_DEVICE_FAMILY = "1,2";
			};
			name = Debug;
		};
		769545862A76EAEA00BF114D /* Release */ = {
			isa = XCBuildConfiguration;
			buildSettings = {
				ALWAYS_EMBED_SWIFT_STANDARD_LIBRARIES = YES;
				CODE_SIGN_STYLE = Automatic;
				CURRENT_PROJECT_VERSION = 1;
				DEVELOPMENT_TEAM = VZDNH969CP;
				GENERATE_INFOPLIST_FILE = YES;
				MARKETING_VERSION = 1.0;
				PRODUCT_BUNDLE_IDENTIFIER = lucasgonp.NetworkKitTests;
				PRODUCT_NAME = "$(TARGET_NAME)";
				SWIFT_EMIT_LOC_STRINGS = NO;
				SWIFT_VERSION = 5.0;
				TARGETED_DEVICE_FAMILY = "1,2";
			};
			name = Release;
		};
/* End XCBuildConfiguration section */

/* Begin XCConfigurationList section */
		769545672A76EAEA00BF114D /* Build configuration list for PBXProject "NetworkKit" */ = {
			isa = XCConfigurationList;
			buildConfigurations = (
				7695457F2A76EAEA00BF114D /* Debug */,
				769545802A76EAEA00BF114D /* Release */,
			);
			defaultConfigurationIsVisible = 0;
			defaultConfigurationName = Release;
		};
		769545812A76EAEA00BF114D /* Build configuration list for PBXNativeTarget "NetworkKit" */ = {
			isa = XCConfigurationList;
			buildConfigurations = (
				769545822A76EAEA00BF114D /* Debug */,
				769545832A76EAEA00BF114D /* Release */,
			);
			defaultConfigurationIsVisible = 0;
			defaultConfigurationName = Release;
		};
		769545842A76EAEA00BF114D /* Build configuration list for PBXNativeTarget "NetworkKitTests" */ = {
			isa = XCConfigurationList;
			buildConfigurations = (
				769545852A76EAEA00BF114D /* Debug */,
				769545862A76EAEA00BF114D /* Release */,
			);
			defaultConfigurationIsVisible = 0;
			defaultConfigurationName = Release;
		};
/* End XCConfigurationList section */

/* Begin XCRemoteSwiftPackageReference section */
		7637C55D2A79D6EC00EB7688 /* XCRemoteSwiftPackageReference "Alamofire" */ = {
			isa = XCRemoteSwiftPackageReference;
			repositoryURL = "https://github.com/Alamofire/Alamofire";
			requirement = {
				kind = upToNextMajorVersion;
				minimumVersion = 5.0.0;
			};
		};
/* End XCRemoteSwiftPackageReference section */

/* Begin XCSwiftPackageProductDependency section */
		7637C55E2A79D6EC00EB7688 /* Alamofire */ = {
			isa = XCSwiftPackageProductDependency;
			package = 7637C55D2A79D6EC00EB7688 /* XCRemoteSwiftPackageReference "Alamofire" */;
			productName = Alamofire;
		};
/* End XCSwiftPackageProductDependency section */
	};
	rootObject = 769545642A76EAEA00BF114D /* Project object */;
}
