// !$*UTF8*$!
{
	archiveVersion = 1;
	classes = {
	};
	objectVersion = 56;
	objects = {

/* Begin PBXBuildFile section */
		7608DE292A9945BB0036027A /* GalleryKit.framework in Frameworks */ = {isa = PBXBuildFile; fileRef = 7608DE282A9945BB0036027A /* GalleryKit.framework */; };
		7608DE2A2A9945BB0036027A /* GalleryKit.framework in Embed Frameworks */ = {isa = PBXBuildFile; fileRef = 7608DE282A9945BB0036027A /* GalleryKit.framework */; settings = {ATTRIBUTES = (CodeSignOnCopy, RemoveHeadersOnCopy, ); }; };
		7608DE512A9960DC0036027A /* StorageKit.framework in Frameworks */ = {isa = PBXBuildFile; fileRef = 7608DE502A9960DC0036027A /* StorageKit.framework */; };
		7608DE522A9960DC0036027A /* StorageKit.framework in Embed Frameworks */ = {isa = PBXBuildFile; fileRef = 7608DE502A9960DC0036027A /* StorageKit.framework */; settings = {ATTRIBUTES = (CodeSignOnCopy, RemoveHeadersOnCopy, ); }; };
		7608DE542A999F050036027A /* StorageManager.swift in Sources */ = {isa = PBXBuildFile; fileRef = 7608DE532A999F050036027A /* StorageManager.swift */; };
		7608DE672A9BAFDE0036027A /* EditBioFactory.swift in Sources */ = {isa = PBXBuildFile; fileRef = 7608DE612A9BAFDE0036027A /* EditBioFactory.swift */; };
		7608DE682A9BAFDE0036027A /* EditBioPresenter.swift in Sources */ = {isa = PBXBuildFile; fileRef = 7608DE622A9BAFDE0036027A /* EditBioPresenter.swift */; };
		7608DE692A9BAFDE0036027A /* EditBioRouter.swift in Sources */ = {isa = PBXBuildFile; fileRef = 7608DE632A9BAFDE0036027A /* EditBioRouter.swift */; };
		7608DE6A2A9BAFDE0036027A /* EditBioViewController.swift in Sources */ = {isa = PBXBuildFile; fileRef = 7608DE642A9BAFDE0036027A /* EditBioViewController.swift */; };
		7608DE6B2A9BAFDE0036027A /* EditBioInteractor.swift in Sources */ = {isa = PBXBuildFile; fileRef = 7608DE652A9BAFDE0036027A /* EditBioInteractor.swift */; };
		7608DE6C2A9BAFDE0036027A /* EditBioService.swift in Sources */ = {isa = PBXBuildFile; fileRef = 7608DE662A9BAFDE0036027A /* EditBioService.swift */; };
		7608DE6F2A9BAFF30036027A /* UserBio.swift in Sources */ = {isa = PBXBuildFile; fileRef = 7608DE6E2A9BAFF30036027A /* UserBio.swift */; };
		7608DE7A2A9D00A60036027A /* UserCell.swift in Sources */ = {isa = PBXBuildFile; fileRef = 7608DE792A9D00A60036027A /* UserCell.swift */; };
		7608DE7D2A9D248E0036027A /* UserContact.swift in Sources */ = {isa = PBXBuildFile; fileRef = 7608DE7C2A9D248E0036027A /* UserContact.swift */; };
		7610118F2B3A0128004639C4 /* MessageDataSource.swift in Sources */ = {isa = PBXBuildFile; fileRef = 7610118E2B3A0128004639C4 /* MessageDataSource.swift */; };
		761011912B3A0137004639C4 /* MessageCellDelegate.swift in Sources */ = {isa = PBXBuildFile; fileRef = 761011902B3A0137004639C4 /* MessageCellDelegate.swift */; };
		761011932B3A0147004639C4 /* MessageDisplayDelegate.swift in Sources */ = {isa = PBXBuildFile; fileRef = 761011922B3A0147004639C4 /* MessageDisplayDelegate.swift */; };
		761011952B3A0156004639C4 /* MessageLayoutDelegate.swift in Sources */ = {isa = PBXBuildFile; fileRef = 761011942B3A0156004639C4 /* MessageLayoutDelegate.swift */; };
		761011972B3A0168004639C4 /* InputBarAccessoryViewDelegate.swift in Sources */ = {isa = PBXBuildFile; fileRef = 761011962B3A0168004639C4 /* InputBarAccessoryViewDelegate.swift */; };
		761011992B3A0351004639C4 /* MessageKitDefaults.swift in Sources */ = {isa = PBXBuildFile; fileRef = 761011982B3A0351004639C4 /* MessageKitDefaults.swift */; };
		7610119B2B3A15CD004639C4 /* MKMessage.swift in Sources */ = {isa = PBXBuildFile; fileRef = 7610119A2B3A15CD004639C4 /* MKMessage.swift */; };
		7610119D2B3A1768004639C4 /* LocalMessage.swift in Sources */ = {isa = PBXBuildFile; fileRef = 7610119C2B3A1768004639C4 /* LocalMessage.swift */; };
		761011A02B3A1C52004639C4 /* RealmManager.swift in Sources */ = {isa = PBXBuildFile; fileRef = 7610119F2B3A1C52004639C4 /* RealmManager.swift */; };
		761011A22B3A2002004639C4 /* OutgoingMessage.swift in Sources */ = {isa = PBXBuildFile; fileRef = 761011A12B3A2002004639C4 /* OutgoingMessage.swift */; };
		761011AA2B3A6172004639C4 /* Constants.swift in Sources */ = {isa = PBXBuildFile; fileRef = 761011A92B3A6172004639C4 /* Constants.swift */; };
		761011AC2B3A688F004639C4 /* IncomingMessage.swift in Sources */ = {isa = PBXBuildFile; fileRef = 761011AB2B3A688F004639C4 /* IncomingMessage.swift */; };
		7620F2A92A92DB70002A4EB5 /* HomeTabBarModel.swift in Sources */ = {isa = PBXBuildFile; fileRef = 7620F2A82A92DB70002A4EB5 /* HomeTabBarModel.swift */; };
		7620F2B42A92DE1B002A4EB5 /* SettingsFactory.swift in Sources */ = {isa = PBXBuildFile; fileRef = 7620F2AE2A92DE1B002A4EB5 /* SettingsFactory.swift */; };
		7620F2B52A92DE1B002A4EB5 /* SettingsPresenter.swift in Sources */ = {isa = PBXBuildFile; fileRef = 7620F2AF2A92DE1B002A4EB5 /* SettingsPresenter.swift */; };
		7620F2B62A92DE1B002A4EB5 /* SettingsRouter.swift in Sources */ = {isa = PBXBuildFile; fileRef = 7620F2B02A92DE1B002A4EB5 /* SettingsRouter.swift */; };
		7620F2B72A92DE1B002A4EB5 /* SettingsViewController.swift in Sources */ = {isa = PBXBuildFile; fileRef = 7620F2B12A92DE1B002A4EB5 /* SettingsViewController.swift */; };
		7620F2B82A92DE1B002A4EB5 /* SettingsInteractor.swift in Sources */ = {isa = PBXBuildFile; fileRef = 7620F2B22A92DE1B002A4EB5 /* SettingsInteractor.swift */; };
		7620F2B92A92DE1B002A4EB5 /* SettingsService.swift in Sources */ = {isa = PBXBuildFile; fileRef = 7620F2B32A92DE1B002A4EB5 /* SettingsService.swift */; };
		7620F2CC2A92EF69002A4EB5 /* ChannelsFactory.swift in Sources */ = {isa = PBXBuildFile; fileRef = 7620F2C62A92EF69002A4EB5 /* ChannelsFactory.swift */; };
		7620F2CD2A92EF69002A4EB5 /* ChannelsPresenter.swift in Sources */ = {isa = PBXBuildFile; fileRef = 7620F2C72A92EF69002A4EB5 /* ChannelsPresenter.swift */; };
		7620F2CE2A92EF69002A4EB5 /* ChannelsRouter.swift in Sources */ = {isa = PBXBuildFile; fileRef = 7620F2C82A92EF69002A4EB5 /* ChannelsRouter.swift */; };
		7620F2CF2A92EF69002A4EB5 /* ChannelsViewController.swift in Sources */ = {isa = PBXBuildFile; fileRef = 7620F2C92A92EF69002A4EB5 /* ChannelsViewController.swift */; };
		7620F2D02A92EF69002A4EB5 /* ChannelsInteractor.swift in Sources */ = {isa = PBXBuildFile; fileRef = 7620F2CA2A92EF69002A4EB5 /* ChannelsInteractor.swift */; };
		7620F2D12A92EF69002A4EB5 /* ChannelsService.swift in Sources */ = {isa = PBXBuildFile; fileRef = 7620F2CB2A92EF69002A4EB5 /* ChannelsService.swift */; };
		7620F2D82A92EF74002A4EB5 /* UsersFactory.swift in Sources */ = {isa = PBXBuildFile; fileRef = 7620F2D22A92EF74002A4EB5 /* UsersFactory.swift */; };
		7620F2D92A92EF74002A4EB5 /* UsersPresenter.swift in Sources */ = {isa = PBXBuildFile; fileRef = 7620F2D32A92EF74002A4EB5 /* UsersPresenter.swift */; };
		7620F2DA2A92EF74002A4EB5 /* UsersRouter.swift in Sources */ = {isa = PBXBuildFile; fileRef = 7620F2D42A92EF74002A4EB5 /* UsersRouter.swift */; };
		7620F2DB2A92EF74002A4EB5 /* UsersViewController.swift in Sources */ = {isa = PBXBuildFile; fileRef = 7620F2D52A92EF74002A4EB5 /* UsersViewController.swift */; };
		7620F2DC2A92EF74002A4EB5 /* UsersInteractor.swift in Sources */ = {isa = PBXBuildFile; fileRef = 7620F2D62A92EF74002A4EB5 /* UsersInteractor.swift */; };
		7620F2DD2A92EF74002A4EB5 /* UsersService.swift in Sources */ = {isa = PBXBuildFile; fileRef = 7620F2D72A92EF74002A4EB5 /* UsersService.swift */; };
		7620F4202A951280002A4EB5 /* SettingsButtonCell.swift in Sources */ = {isa = PBXBuildFile; fileRef = 7620F41F2A951280002A4EB5 /* SettingsButtonCell.swift */; };
		7620F42A2A9541AC002A4EB5 /* SettingsUserInfoCell.swift in Sources */ = {isa = PBXBuildFile; fileRef = 7620F4292A9541AB002A4EB5 /* SettingsUserInfoCell.swift */; };
		7620F42D2A9567B1002A4EB5 /* User.swift in Sources */ = {isa = PBXBuildFile; fileRef = 7620F42C2A9567B1002A4EB5 /* User.swift */; };
		7620F4302A9568D2002A4EB5 /* SettingsButtonViewModel.swift in Sources */ = {isa = PBXBuildFile; fileRef = 7620F42F2A9568D2002A4EB5 /* SettingsButtonViewModel.swift */; };
		7620F4332A95694B002A4EB5 /* SettingsViewModel.swift in Sources */ = {isa = PBXBuildFile; fileRef = 7620F4322A95694B002A4EB5 /* SettingsViewModel.swift */; };
		7620F43E2A9592C2002A4EB5 /* EditProfileFactory.swift in Sources */ = {isa = PBXBuildFile; fileRef = 7620F4382A9592C2002A4EB5 /* EditProfileFactory.swift */; };
		7620F43F2A9592C2002A4EB5 /* EditProfilePresenter.swift in Sources */ = {isa = PBXBuildFile; fileRef = 7620F4392A9592C2002A4EB5 /* EditProfilePresenter.swift */; };
		7620F4402A9592C2002A4EB5 /* EditProfileRouter.swift in Sources */ = {isa = PBXBuildFile; fileRef = 7620F43A2A9592C2002A4EB5 /* EditProfileRouter.swift */; };
		7620F4412A9592C2002A4EB5 /* EditProfileViewController.swift in Sources */ = {isa = PBXBuildFile; fileRef = 7620F43B2A9592C2002A4EB5 /* EditProfileViewController.swift */; };
		7620F4422A9592C2002A4EB5 /* EditProfileInteractor.swift in Sources */ = {isa = PBXBuildFile; fileRef = 7620F43C2A9592C2002A4EB5 /* EditProfileInteractor.swift */; };
		7620F4432A9592C2002A4EB5 /* EditProfileService.swift in Sources */ = {isa = PBXBuildFile; fileRef = 7620F43D2A9592C2002A4EB5 /* EditProfileService.swift */; };
		7620F44D2A9659F5002A4EB5 /* TellAFriendFactory.swift in Sources */ = {isa = PBXBuildFile; fileRef = 7620F4472A9659F5002A4EB5 /* TellAFriendFactory.swift */; };
		7620F44E2A9659F5002A4EB5 /* TellAFriendPresenter.swift in Sources */ = {isa = PBXBuildFile; fileRef = 7620F4482A9659F5002A4EB5 /* TellAFriendPresenter.swift */; };
		7620F44F2A9659F5002A4EB5 /* TellAFriendRouter.swift in Sources */ = {isa = PBXBuildFile; fileRef = 7620F4492A9659F5002A4EB5 /* TellAFriendRouter.swift */; };
		7620F4502A9659F5002A4EB5 /* TellAFriendViewController.swift in Sources */ = {isa = PBXBuildFile; fileRef = 7620F44A2A9659F5002A4EB5 /* TellAFriendViewController.swift */; };
		7620F4512A9659F5002A4EB5 /* TellAFriendInteractor.swift in Sources */ = {isa = PBXBuildFile; fileRef = 7620F44B2A9659F5002A4EB5 /* TellAFriendInteractor.swift */; };
		7620F4522A9659F5002A4EB5 /* TellAFriendService.swift in Sources */ = {isa = PBXBuildFile; fileRef = 7620F44C2A9659F5002A4EB5 /* TellAFriendService.swift */; };
		7620F4592A965A09002A4EB5 /* TermsFactory.swift in Sources */ = {isa = PBXBuildFile; fileRef = 7620F4532A965A09002A4EB5 /* TermsFactory.swift */; };
		7620F45A2A965A09002A4EB5 /* TermsPresenter.swift in Sources */ = {isa = PBXBuildFile; fileRef = 7620F4542A965A09002A4EB5 /* TermsPresenter.swift */; };
		7620F45B2A965A09002A4EB5 /* TermsRouter.swift in Sources */ = {isa = PBXBuildFile; fileRef = 7620F4552A965A09002A4EB5 /* TermsRouter.swift */; };
		7620F45C2A965A09002A4EB5 /* TermsViewController.swift in Sources */ = {isa = PBXBuildFile; fileRef = 7620F4562A965A09002A4EB5 /* TermsViewController.swift */; };
		7620F45D2A965A09002A4EB5 /* TermsInteractor.swift in Sources */ = {isa = PBXBuildFile; fileRef = 7620F4572A965A09002A4EB5 /* TermsInteractor.swift */; };
		7620F45E2A965A09002A4EB5 /* TermsService.swift in Sources */ = {isa = PBXBuildFile; fileRef = 7620F4582A965A09002A4EB5 /* TermsService.swift */; };
		7620F4612A96B31C002A4EB5 /* EditProfileHeaderCell.swift in Sources */ = {isa = PBXBuildFile; fileRef = 7620F4602A96B31C002A4EB5 /* EditProfileHeaderCell.swift */; };
		76228DA42A8AAF6200C27C7A /* Authenticator.framework in Frameworks */ = {isa = PBXBuildFile; fileRef = 76228DA32A8AAF6200C27C7A /* Authenticator.framework */; };
		76228DA52A8AAF6200C27C7A /* Authenticator.framework in Embed Frameworks */ = {isa = PBXBuildFile; fileRef = 76228DA32A8AAF6200C27C7A /* Authenticator.framework */; settings = {ATTRIBUTES = (CodeSignOnCopy, RemoveHeadersOnCopy, ); }; };
		76228DA72A8AAF6800C27C7A /* NetworkKit.framework in Frameworks */ = {isa = PBXBuildFile; fileRef = 76228DA62A8AAF6800C27C7A /* NetworkKit.framework */; };
		76228DA82A8AAF6800C27C7A /* NetworkKit.framework in Embed Frameworks */ = {isa = PBXBuildFile; fileRef = 76228DA62A8AAF6800C27C7A /* NetworkKit.framework */; settings = {ATTRIBUTES = (CodeSignOnCopy, RemoveHeadersOnCopy, ); }; };
		76228DAA2A8AAF7000C27C7A /* DesignKit.framework in Frameworks */ = {isa = PBXBuildFile; fileRef = 76228DA92A8AAF7000C27C7A /* DesignKit.framework */; };
		76228DAB2A8AAF7000C27C7A /* DesignKit.framework in Embed Frameworks */ = {isa = PBXBuildFile; fileRef = 76228DA92A8AAF7000C27C7A /* DesignKit.framework */; settings = {ATTRIBUTES = (CodeSignOnCopy, RemoveHeadersOnCopy, ); }; };
		764303882B4650F20037721A /* FilesDirectory.swift in Sources */ = {isa = PBXBuildFile; fileRef = 764303872B4650F20037721A /* FilesDirectory.swift */; };
		7643038A2B4654B10037721A /* String+Extensions.swift in Sources */ = {isa = PBXBuildFile; fileRef = 764303892B4654B10037721A /* String+Extensions.swift */; };
		7669BA2A2ABDD3550002AD4C /* Date+Extensions.swift in Sources */ = {isa = PBXBuildFile; fileRef = 7669BA292ABDD3550002AD4C /* Date+Extensions.swift */; };
		7669BA2D2ABDDA650002AD4C /* StartChat.swift in Sources */ = {isa = PBXBuildFile; fileRef = 7669BA2C2ABDDA650002AD4C /* StartChat.swift */; };
		767E4A062A8AB87000B55980 /* Strings.generated.swift in Sources */ = {isa = PBXBuildFile; fileRef = 767E4A052A8AB84700B55980 /* Strings.generated.swift */; };
		769E972D2AA3C4FC004FC6B4 /* ContactInfoFactory.swift in Sources */ = {isa = PBXBuildFile; fileRef = 769E97272AA3C4FC004FC6B4 /* ContactInfoFactory.swift */; };
		769E972E2AA3C4FC004FC6B4 /* ContactInfoPresenter.swift in Sources */ = {isa = PBXBuildFile; fileRef = 769E97282AA3C4FC004FC6B4 /* ContactInfoPresenter.swift */; };
		769E972F2AA3C4FC004FC6B4 /* ContactInfoRouter.swift in Sources */ = {isa = PBXBuildFile; fileRef = 769E97292AA3C4FC004FC6B4 /* ContactInfoRouter.swift */; };
		769E97302AA3C4FC004FC6B4 /* ContactInfoViewController.swift in Sources */ = {isa = PBXBuildFile; fileRef = 769E972A2AA3C4FC004FC6B4 /* ContactInfoViewController.swift */; };
		769E97312AA3C4FC004FC6B4 /* ContactInfoInteractor.swift in Sources */ = {isa = PBXBuildFile; fileRef = 769E972B2AA3C4FC004FC6B4 /* ContactInfoInteractor.swift */; };
		769E97322AA3C4FC004FC6B4 /* ContactInfoService.swift in Sources */ = {isa = PBXBuildFile; fileRef = 769E972C2AA3C4FC004FC6B4 /* ContactInfoService.swift */; };
		769E97352AA3CA1B004FC6B4 /* ContactInfoHeaderCell.swift in Sources */ = {isa = PBXBuildFile; fileRef = 769E97342AA3CA1B004FC6B4 /* ContactInfoHeaderCell.swift */; };
		76B5040C2B47600300966DB6 /* MediaMessage.swift in Sources */ = {isa = PBXBuildFile; fileRef = 76B5040B2B47600300966DB6 /* MediaMessage.swift */; };
		76CAA1392A8AA1F400D742E9 /* AppDelegate.swift in Sources */ = {isa = PBXBuildFile; fileRef = 76CAA1382A8AA1F400D742E9 /* AppDelegate.swift */; };
		76CAA13B2A8AA1F400D742E9 /* SceneDelegate.swift in Sources */ = {isa = PBXBuildFile; fileRef = 76CAA13A2A8AA1F400D742E9 /* SceneDelegate.swift */; };
		76CAA1422A8AA1F600D742E9 /* Assets.xcassets in Resources */ = {isa = PBXBuildFile; fileRef = 76CAA1412A8AA1F600D742E9 /* Assets.xcassets */; };
		76CAA1452A8AA1F600D742E9 /* LaunchScreen.storyboard in Resources */ = {isa = PBXBuildFile; fileRef = 76CAA1432A8AA1F600D742E9 /* LaunchScreen.storyboard */; };
		76CAA1502A8AA1F700D742E9 /* BabelTests.swift in Sources */ = {isa = PBXBuildFile; fileRef = 76CAA14F2A8AA1F700D742E9 /* BabelTests.swift */; };
		76CAA15A2A8AA1F700D742E9 /* BabelUITests.swift in Sources */ = {isa = PBXBuildFile; fileRef = 76CAA1592A8AA1F700D742E9 /* BabelUITests.swift */; };
		76CAA15C2A8AA1F700D742E9 /* BabelUITestsLaunchTests.swift in Sources */ = {isa = PBXBuildFile; fileRef = 76CAA15B2A8AA1F700D742E9 /* BabelUITestsLaunchTests.swift */; };
		76CAA1732A8AA8F400D742E9 /* Dependencies.framework in Frameworks */ = {isa = PBXBuildFile; fileRef = 76CAA1722A8AA8F400D742E9 /* Dependencies.framework */; };
		76CAA1742A8AA8F400D742E9 /* Dependencies.framework in Embed Frameworks */ = {isa = PBXBuildFile; fileRef = 76CAA1722A8AA8F400D742E9 /* Dependencies.framework */; settings = {ATTRIBUTES = (CodeSignOnCopy, RemoveHeadersOnCopy, ); }; };
		76CAA1792A8AA94B00D742E9 /* Localizable.strings in Resources */ = {isa = PBXBuildFile; fileRef = 76CAA1782A8AA94B00D742E9 /* Localizable.strings */; };
		76CAA17C2A8AA99F00D742E9 /* AuthManager.swift in Sources */ = {isa = PBXBuildFile; fileRef = 76CAA17B2A8AA99F00D742E9 /* AuthManager.swift */; };
		76CAA17E2A8AA9B700D742E9 /* NetworkManager.swift in Sources */ = {isa = PBXBuildFile; fileRef = 76CAA17D2A8AA9B700D742E9 /* NetworkManager.swift */; };
		76CAA1872A8AA9ED00D742E9 /* HomeFactory.swift in Sources */ = {isa = PBXBuildFile; fileRef = 76CAA1812A8AA9ED00D742E9 /* HomeFactory.swift */; };
		76CAA1882A8AA9ED00D742E9 /* HomeInteractor.swift in Sources */ = {isa = PBXBuildFile; fileRef = 76CAA1822A8AA9ED00D742E9 /* HomeInteractor.swift */; };
		76CAA1892A8AA9ED00D742E9 /* HomeViewController.swift in Sources */ = {isa = PBXBuildFile; fileRef = 76CAA1832A8AA9ED00D742E9 /* HomeViewController.swift */; };
		76CAA18A2A8AA9ED00D742E9 /* HomeRouter.swift in Sources */ = {isa = PBXBuildFile; fileRef = 76CAA1842A8AA9ED00D742E9 /* HomeRouter.swift */; };
		76CAA18B2A8AA9ED00D742E9 /* HomePresenter.swift in Sources */ = {isa = PBXBuildFile; fileRef = 76CAA1852A8AA9ED00D742E9 /* HomePresenter.swift */; };
		76CAA18C2A8AA9ED00D742E9 /* HomeService.swift in Sources */ = {isa = PBXBuildFile; fileRef = 76CAA1862A8AA9ED00D742E9 /* HomeService.swift */; };
		76CAA18E2A8AAA6800D742E9 /* BabelResources.swift in Sources */ = {isa = PBXBuildFile; fileRef = 76CAA18D2A8AAA6800D742E9 /* BabelResources.swift */; };
		76CAA1902A8AAC0100D742E9 /* GoogleService-Info.plist in Resources */ = {isa = PBXBuildFile; fileRef = 76CAA18F2A8AAC0100D742E9 /* GoogleService-Info.plist */; };
		76D246762AC4A2CF00FDA81E /* ChatHelper.swift in Sources */ = {isa = PBXBuildFile; fileRef = 76D246752AC4A2CF00FDA81E /* ChatHelper.swift */; };
		76D246802AC4AE7000FDA81E /* ChatFactory.swift in Sources */ = {isa = PBXBuildFile; fileRef = 76D2467A2AC4AE7000FDA81E /* ChatFactory.swift */; };
		76D246812AC4AE7000FDA81E /* ChatPresenter.swift in Sources */ = {isa = PBXBuildFile; fileRef = 76D2467B2AC4AE7000FDA81E /* ChatPresenter.swift */; };
		76D246822AC4AE7000FDA81E /* ChatRouter.swift in Sources */ = {isa = PBXBuildFile; fileRef = 76D2467C2AC4AE7000FDA81E /* ChatRouter.swift */; };
		76D246832AC4AE7000FDA81E /* ChatViewController.swift in Sources */ = {isa = PBXBuildFile; fileRef = 76D2467D2AC4AE7000FDA81E /* ChatViewController.swift */; };
		76D246842AC4AE7000FDA81E /* ChatInteractor.swift in Sources */ = {isa = PBXBuildFile; fileRef = 76D2467E2AC4AE7000FDA81E /* ChatInteractor.swift */; };
		76D246852AC4AE7000FDA81E /* ChatService.swift in Sources */ = {isa = PBXBuildFile; fileRef = 76D2467F2AC4AE7000FDA81E /* ChatService.swift */; };
		76D246882AC4B4A000FDA81E /* ChatDTO.swift in Sources */ = {isa = PBXBuildFile; fileRef = 76D246872AC4B4A000FDA81E /* ChatDTO.swift */; };
		76DA757E2B44C5B2000B7FD7 /* UIAlertAction+Extensions.swift in Sources */ = {isa = PBXBuildFile; fileRef = 76DA757D2B44C5B2000B7FD7 /* UIAlertAction+Extensions.swift */; };
		76DA7EA22AB787C700106731 /* RecentChat.swift in Sources */ = {isa = PBXBuildFile; fileRef = 76DA7EA12AB787C700106731 /* RecentChat.swift */; };
		76DA7EBC2AB78D1F00106731 /* RecentChatsFactory.swift in Sources */ = {isa = PBXBuildFile; fileRef = 76DA7EB62AB78D1F00106731 /* RecentChatsFactory.swift */; };
		76DA7EBD2AB78D1F00106731 /* RecentChatsPresenter.swift in Sources */ = {isa = PBXBuildFile; fileRef = 76DA7EB72AB78D1F00106731 /* RecentChatsPresenter.swift */; };
		76DA7EBE2AB78D1F00106731 /* RecentChatsRouter.swift in Sources */ = {isa = PBXBuildFile; fileRef = 76DA7EB82AB78D1F00106731 /* RecentChatsRouter.swift */; };
		76DA7EBF2AB78D1F00106731 /* RecentChatsViewController.swift in Sources */ = {isa = PBXBuildFile; fileRef = 76DA7EB92AB78D1F00106731 /* RecentChatsViewController.swift */; };
		76DA7EC02AB78D1F00106731 /* RecentChatsInteractor.swift in Sources */ = {isa = PBXBuildFile; fileRef = 76DA7EBA2AB78D1F00106731 /* RecentChatsInteractor.swift */; };
		76DA7EC12AB78D1F00106731 /* RecentChatsService.swift in Sources */ = {isa = PBXBuildFile; fileRef = 76DA7EBB2AB78D1F00106731 /* RecentChatsService.swift */; };
		76DA7EC42AB78E7400106731 /* RecentChatCell.swift in Sources */ = {isa = PBXBuildFile; fileRef = 76DA7EC32AB78E7400106731 /* RecentChatCell.swift */; };
		76EF5D492A905E3700D9AE8B /* DesignKit.framework in Sources */ = {isa = PBXBuildFile; fileRef = 76228DA92A8AAF7000C27C7A /* DesignKit.framework */; };
		76EF5D4A2A905E3700D9AE8B /* Authenticator.framework in Sources */ = {isa = PBXBuildFile; fileRef = 76228DA32A8AAF6200C27C7A /* Authenticator.framework */; };
/* End PBXBuildFile section */

/* Begin PBXContainerItemProxy section */
		76CAA14C2A8AA1F700D742E9 /* PBXContainerItemProxy */ = {
			isa = PBXContainerItemProxy;
			containerPortal = 76CAA12D2A8AA1F400D742E9 /* Project object */;
			proxyType = 1;
			remoteGlobalIDString = 76CAA1342A8AA1F400D742E9;
			remoteInfo = Babel;
		};
		76CAA1562A8AA1F700D742E9 /* PBXContainerItemProxy */ = {
			isa = PBXContainerItemProxy;
			containerPortal = 76CAA12D2A8AA1F400D742E9 /* Project object */;
			proxyType = 1;
			remoteGlobalIDString = 76CAA1342A8AA1F400D742E9;
			remoteInfo = Babel;
		};
/* End PBXContainerItemProxy section */

/* Begin PBXCopyFilesBuildPhase section */
		76CAA1752A8AA8F400D742E9 /* Embed Frameworks */ = {
			isa = PBXCopyFilesBuildPhase;
			buildActionMask = 2147483647;
			dstPath = "";
			dstSubfolderSpec = 10;
			files = (
				76228DA52A8AAF6200C27C7A /* Authenticator.framework in Embed Frameworks */,
				76228DAB2A8AAF7000C27C7A /* DesignKit.framework in Embed Frameworks */,
				76CAA1742A8AA8F400D742E9 /* Dependencies.framework in Embed Frameworks */,
				76228DA82A8AAF6800C27C7A /* NetworkKit.framework in Embed Frameworks */,
				7608DE2A2A9945BB0036027A /* GalleryKit.framework in Embed Frameworks */,
				7608DE522A9960DC0036027A /* StorageKit.framework in Embed Frameworks */,
			);
			name = "Embed Frameworks";
			runOnlyForDeploymentPostprocessing = 0;
		};
/* End PBXCopyFilesBuildPhase section */

/* Begin PBXFileReference section */
		7608DE282A9945BB0036027A /* GalleryKit.framework */ = {isa = PBXFileReference; explicitFileType = wrapper.framework; path = GalleryKit.framework; sourceTree = BUILT_PRODUCTS_DIR; };
		7608DE502A9960DC0036027A /* StorageKit.framework */ = {isa = PBXFileReference; explicitFileType = wrapper.framework; path = StorageKit.framework; sourceTree = BUILT_PRODUCTS_DIR; };
		7608DE532A999F050036027A /* StorageManager.swift */ = {isa = PBXFileReference; lastKnownFileType = sourcecode.swift; path = StorageManager.swift; sourceTree = "<group>"; };
		7608DE612A9BAFDE0036027A /* EditBioFactory.swift */ = {isa = PBXFileReference; lastKnownFileType = sourcecode.swift; path = EditBioFactory.swift; sourceTree = "<group>"; };
		7608DE622A9BAFDE0036027A /* EditBioPresenter.swift */ = {isa = PBXFileReference; lastKnownFileType = sourcecode.swift; path = EditBioPresenter.swift; sourceTree = "<group>"; };
		7608DE632A9BAFDE0036027A /* EditBioRouter.swift */ = {isa = PBXFileReference; lastKnownFileType = sourcecode.swift; path = EditBioRouter.swift; sourceTree = "<group>"; };
		7608DE642A9BAFDE0036027A /* EditBioViewController.swift */ = {isa = PBXFileReference; lastKnownFileType = sourcecode.swift; path = EditBioViewController.swift; sourceTree = "<group>"; };
		7608DE652A9BAFDE0036027A /* EditBioInteractor.swift */ = {isa = PBXFileReference; lastKnownFileType = sourcecode.swift; path = EditBioInteractor.swift; sourceTree = "<group>"; };
		7608DE662A9BAFDE0036027A /* EditBioService.swift */ = {isa = PBXFileReference; lastKnownFileType = sourcecode.swift; path = EditBioService.swift; sourceTree = "<group>"; };
		7608DE6E2A9BAFF30036027A /* UserBio.swift */ = {isa = PBXFileReference; lastKnownFileType = sourcecode.swift; path = UserBio.swift; sourceTree = "<group>"; };
		7608DE792A9D00A60036027A /* UserCell.swift */ = {isa = PBXFileReference; lastKnownFileType = sourcecode.swift; path = UserCell.swift; sourceTree = "<group>"; };
		7608DE7C2A9D248E0036027A /* UserContact.swift */ = {isa = PBXFileReference; lastKnownFileType = sourcecode.swift; path = UserContact.swift; sourceTree = "<group>"; };
		7610118E2B3A0128004639C4 /* MessageDataSource.swift */ = {isa = PBXFileReference; lastKnownFileType = sourcecode.swift; path = MessageDataSource.swift; sourceTree = "<group>"; };
		761011902B3A0137004639C4 /* MessageCellDelegate.swift */ = {isa = PBXFileReference; lastKnownFileType = sourcecode.swift; path = MessageCellDelegate.swift; sourceTree = "<group>"; };
		761011922B3A0147004639C4 /* MessageDisplayDelegate.swift */ = {isa = PBXFileReference; lastKnownFileType = sourcecode.swift; path = MessageDisplayDelegate.swift; sourceTree = "<group>"; };
		761011942B3A0156004639C4 /* MessageLayoutDelegate.swift */ = {isa = PBXFileReference; lastKnownFileType = sourcecode.swift; path = MessageLayoutDelegate.swift; sourceTree = "<group>"; };
		761011962B3A0168004639C4 /* InputBarAccessoryViewDelegate.swift */ = {isa = PBXFileReference; lastKnownFileType = sourcecode.swift; path = InputBarAccessoryViewDelegate.swift; sourceTree = "<group>"; };
		761011982B3A0351004639C4 /* MessageKitDefaults.swift */ = {isa = PBXFileReference; lastKnownFileType = sourcecode.swift; path = MessageKitDefaults.swift; sourceTree = "<group>"; };
		7610119A2B3A15CD004639C4 /* MKMessage.swift */ = {isa = PBXFileReference; lastKnownFileType = sourcecode.swift; path = MKMessage.swift; sourceTree = "<group>"; };
		7610119C2B3A1768004639C4 /* LocalMessage.swift */ = {isa = PBXFileReference; lastKnownFileType = sourcecode.swift; path = LocalMessage.swift; sourceTree = "<group>"; };
		7610119F2B3A1C52004639C4 /* RealmManager.swift */ = {isa = PBXFileReference; lastKnownFileType = sourcecode.swift; path = RealmManager.swift; sourceTree = "<group>"; };
		761011A12B3A2002004639C4 /* OutgoingMessage.swift */ = {isa = PBXFileReference; lastKnownFileType = sourcecode.swift; path = OutgoingMessage.swift; sourceTree = "<group>"; };
		761011A92B3A6172004639C4 /* Constants.swift */ = {isa = PBXFileReference; lastKnownFileType = sourcecode.swift; path = Constants.swift; sourceTree = "<group>"; };
		761011AB2B3A688F004639C4 /* IncomingMessage.swift */ = {isa = PBXFileReference; lastKnownFileType = sourcecode.swift; path = IncomingMessage.swift; sourceTree = "<group>"; };
		7620F2A82A92DB70002A4EB5 /* HomeTabBarModel.swift */ = {isa = PBXFileReference; lastKnownFileType = sourcecode.swift; path = HomeTabBarModel.swift; sourceTree = "<group>"; };
		7620F2AE2A92DE1B002A4EB5 /* SettingsFactory.swift */ = {isa = PBXFileReference; lastKnownFileType = sourcecode.swift; path = SettingsFactory.swift; sourceTree = "<group>"; };
		7620F2AF2A92DE1B002A4EB5 /* SettingsPresenter.swift */ = {isa = PBXFileReference; lastKnownFileType = sourcecode.swift; path = SettingsPresenter.swift; sourceTree = "<group>"; };
		7620F2B02A92DE1B002A4EB5 /* SettingsRouter.swift */ = {isa = PBXFileReference; lastKnownFileType = sourcecode.swift; path = SettingsRouter.swift; sourceTree = "<group>"; };
		7620F2B12A92DE1B002A4EB5 /* SettingsViewController.swift */ = {isa = PBXFileReference; lastKnownFileType = sourcecode.swift; path = SettingsViewController.swift; sourceTree = "<group>"; };
		7620F2B22A92DE1B002A4EB5 /* SettingsInteractor.swift */ = {isa = PBXFileReference; lastKnownFileType = sourcecode.swift; path = SettingsInteractor.swift; sourceTree = "<group>"; };
		7620F2B32A92DE1B002A4EB5 /* SettingsService.swift */ = {isa = PBXFileReference; lastKnownFileType = sourcecode.swift; path = SettingsService.swift; sourceTree = "<group>"; };
		7620F2C62A92EF69002A4EB5 /* ChannelsFactory.swift */ = {isa = PBXFileReference; lastKnownFileType = sourcecode.swift; path = ChannelsFactory.swift; sourceTree = "<group>"; };
		7620F2C72A92EF69002A4EB5 /* ChannelsPresenter.swift */ = {isa = PBXFileReference; lastKnownFileType = sourcecode.swift; path = ChannelsPresenter.swift; sourceTree = "<group>"; };
		7620F2C82A92EF69002A4EB5 /* ChannelsRouter.swift */ = {isa = PBXFileReference; lastKnownFileType = sourcecode.swift; path = ChannelsRouter.swift; sourceTree = "<group>"; };
		7620F2C92A92EF69002A4EB5 /* ChannelsViewController.swift */ = {isa = PBXFileReference; lastKnownFileType = sourcecode.swift; path = ChannelsViewController.swift; sourceTree = "<group>"; };
		7620F2CA2A92EF69002A4EB5 /* ChannelsInteractor.swift */ = {isa = PBXFileReference; lastKnownFileType = sourcecode.swift; path = ChannelsInteractor.swift; sourceTree = "<group>"; };
		7620F2CB2A92EF69002A4EB5 /* ChannelsService.swift */ = {isa = PBXFileReference; lastKnownFileType = sourcecode.swift; path = ChannelsService.swift; sourceTree = "<group>"; };
		7620F2D22A92EF74002A4EB5 /* UsersFactory.swift */ = {isa = PBXFileReference; lastKnownFileType = sourcecode.swift; path = UsersFactory.swift; sourceTree = "<group>"; };
		7620F2D32A92EF74002A4EB5 /* UsersPresenter.swift */ = {isa = PBXFileReference; lastKnownFileType = sourcecode.swift; path = UsersPresenter.swift; sourceTree = "<group>"; };
		7620F2D42A92EF74002A4EB5 /* UsersRouter.swift */ = {isa = PBXFileReference; lastKnownFileType = sourcecode.swift; path = UsersRouter.swift; sourceTree = "<group>"; };
		7620F2D52A92EF74002A4EB5 /* UsersViewController.swift */ = {isa = PBXFileReference; lastKnownFileType = sourcecode.swift; path = UsersViewController.swift; sourceTree = "<group>"; };
		7620F2D62A92EF74002A4EB5 /* UsersInteractor.swift */ = {isa = PBXFileReference; lastKnownFileType = sourcecode.swift; path = UsersInteractor.swift; sourceTree = "<group>"; };
		7620F2D72A92EF74002A4EB5 /* UsersService.swift */ = {isa = PBXFileReference; lastKnownFileType = sourcecode.swift; path = UsersService.swift; sourceTree = "<group>"; };
		7620F41F2A951280002A4EB5 /* SettingsButtonCell.swift */ = {isa = PBXFileReference; lastKnownFileType = sourcecode.swift; path = SettingsButtonCell.swift; sourceTree = "<group>"; };
		7620F4292A9541AB002A4EB5 /* SettingsUserInfoCell.swift */ = {isa = PBXFileReference; lastKnownFileType = sourcecode.swift; path = SettingsUserInfoCell.swift; sourceTree = "<group>"; };
		7620F42C2A9567B1002A4EB5 /* User.swift */ = {isa = PBXFileReference; lastKnownFileType = sourcecode.swift; path = User.swift; sourceTree = "<group>"; };
		7620F42F2A9568D2002A4EB5 /* SettingsButtonViewModel.swift */ = {isa = PBXFileReference; lastKnownFileType = sourcecode.swift; path = SettingsButtonViewModel.swift; sourceTree = "<group>"; };
		7620F4322A95694B002A4EB5 /* SettingsViewModel.swift */ = {isa = PBXFileReference; lastKnownFileType = sourcecode.swift; path = SettingsViewModel.swift; sourceTree = "<group>"; };
		7620F4382A9592C2002A4EB5 /* EditProfileFactory.swift */ = {isa = PBXFileReference; lastKnownFileType = sourcecode.swift; path = EditProfileFactory.swift; sourceTree = "<group>"; };
		7620F4392A9592C2002A4EB5 /* EditProfilePresenter.swift */ = {isa = PBXFileReference; lastKnownFileType = sourcecode.swift; path = EditProfilePresenter.swift; sourceTree = "<group>"; };
		7620F43A2A9592C2002A4EB5 /* EditProfileRouter.swift */ = {isa = PBXFileReference; lastKnownFileType = sourcecode.swift; path = EditProfileRouter.swift; sourceTree = "<group>"; };
		7620F43B2A9592C2002A4EB5 /* EditProfileViewController.swift */ = {isa = PBXFileReference; lastKnownFileType = sourcecode.swift; path = EditProfileViewController.swift; sourceTree = "<group>"; };
		7620F43C2A9592C2002A4EB5 /* EditProfileInteractor.swift */ = {isa = PBXFileReference; lastKnownFileType = sourcecode.swift; path = EditProfileInteractor.swift; sourceTree = "<group>"; };
		7620F43D2A9592C2002A4EB5 /* EditProfileService.swift */ = {isa = PBXFileReference; lastKnownFileType = sourcecode.swift; path = EditProfileService.swift; sourceTree = "<group>"; };
		7620F4472A9659F5002A4EB5 /* TellAFriendFactory.swift */ = {isa = PBXFileReference; lastKnownFileType = sourcecode.swift; path = TellAFriendFactory.swift; sourceTree = "<group>"; };
		7620F4482A9659F5002A4EB5 /* TellAFriendPresenter.swift */ = {isa = PBXFileReference; lastKnownFileType = sourcecode.swift; path = TellAFriendPresenter.swift; sourceTree = "<group>"; };
		7620F4492A9659F5002A4EB5 /* TellAFriendRouter.swift */ = {isa = PBXFileReference; lastKnownFileType = sourcecode.swift; path = TellAFriendRouter.swift; sourceTree = "<group>"; };
		7620F44A2A9659F5002A4EB5 /* TellAFriendViewController.swift */ = {isa = PBXFileReference; lastKnownFileType = sourcecode.swift; path = TellAFriendViewController.swift; sourceTree = "<group>"; };
		7620F44B2A9659F5002A4EB5 /* TellAFriendInteractor.swift */ = {isa = PBXFileReference; lastKnownFileType = sourcecode.swift; path = TellAFriendInteractor.swift; sourceTree = "<group>"; };
		7620F44C2A9659F5002A4EB5 /* TellAFriendService.swift */ = {isa = PBXFileReference; lastKnownFileType = sourcecode.swift; path = TellAFriendService.swift; sourceTree = "<group>"; };
		7620F4532A965A09002A4EB5 /* TermsFactory.swift */ = {isa = PBXFileReference; lastKnownFileType = sourcecode.swift; path = TermsFactory.swift; sourceTree = "<group>"; };
		7620F4542A965A09002A4EB5 /* TermsPresenter.swift */ = {isa = PBXFileReference; lastKnownFileType = sourcecode.swift; path = TermsPresenter.swift; sourceTree = "<group>"; };
		7620F4552A965A09002A4EB5 /* TermsRouter.swift */ = {isa = PBXFileReference; lastKnownFileType = sourcecode.swift; path = TermsRouter.swift; sourceTree = "<group>"; };
		7620F4562A965A09002A4EB5 /* TermsViewController.swift */ = {isa = PBXFileReference; lastKnownFileType = sourcecode.swift; path = TermsViewController.swift; sourceTree = "<group>"; };
		7620F4572A965A09002A4EB5 /* TermsInteractor.swift */ = {isa = PBXFileReference; lastKnownFileType = sourcecode.swift; path = TermsInteractor.swift; sourceTree = "<group>"; };
		7620F4582A965A09002A4EB5 /* TermsService.swift */ = {isa = PBXFileReference; lastKnownFileType = sourcecode.swift; path = TermsService.swift; sourceTree = "<group>"; };
		7620F4602A96B31C002A4EB5 /* EditProfileHeaderCell.swift */ = {isa = PBXFileReference; lastKnownFileType = sourcecode.swift; path = EditProfileHeaderCell.swift; sourceTree = "<group>"; };
		76228DA32A8AAF6200C27C7A /* Authenticator.framework */ = {isa = PBXFileReference; explicitFileType = wrapper.framework; path = Authenticator.framework; sourceTree = BUILT_PRODUCTS_DIR; };
		76228DA62A8AAF6800C27C7A /* NetworkKit.framework */ = {isa = PBXFileReference; explicitFileType = wrapper.framework; path = NetworkKit.framework; sourceTree = BUILT_PRODUCTS_DIR; };
		76228DA92A8AAF7000C27C7A /* DesignKit.framework */ = {isa = PBXFileReference; explicitFileType = wrapper.framework; path = DesignKit.framework; sourceTree = BUILT_PRODUCTS_DIR; };
		76228DAF2A8AB03700C27C7A /* CoreKit.framework */ = {isa = PBXFileReference; explicitFileType = wrapper.framework; path = CoreKit.framework; sourceTree = BUILT_PRODUCTS_DIR; };
		764303872B4650F20037721A /* FilesDirectory.swift */ = {isa = PBXFileReference; lastKnownFileType = sourcecode.swift; path = FilesDirectory.swift; sourceTree = "<group>"; };
		764303892B4654B10037721A /* String+Extensions.swift */ = {isa = PBXFileReference; lastKnownFileType = sourcecode.swift; path = "String+Extensions.swift"; sourceTree = "<group>"; };
		7669BA292ABDD3550002AD4C /* Date+Extensions.swift */ = {isa = PBXFileReference; lastKnownFileType = sourcecode.swift; path = "Date+Extensions.swift"; sourceTree = "<group>"; };
		7669BA2C2ABDDA650002AD4C /* StartChat.swift */ = {isa = PBXFileReference; lastKnownFileType = sourcecode.swift; path = StartChat.swift; sourceTree = "<group>"; };
		767E4A052A8AB84700B55980 /* Strings.generated.swift */ = {isa = PBXFileReference; lastKnownFileType = sourcecode.swift; path = Strings.generated.swift; sourceTree = "<group>"; };
		769E97272AA3C4FC004FC6B4 /* ContactInfoFactory.swift */ = {isa = PBXFileReference; lastKnownFileType = sourcecode.swift; path = ContactInfoFactory.swift; sourceTree = "<group>"; };
		769E97282AA3C4FC004FC6B4 /* ContactInfoPresenter.swift */ = {isa = PBXFileReference; lastKnownFileType = sourcecode.swift; path = ContactInfoPresenter.swift; sourceTree = "<group>"; };
		769E97292AA3C4FC004FC6B4 /* ContactInfoRouter.swift */ = {isa = PBXFileReference; lastKnownFileType = sourcecode.swift; path = ContactInfoRouter.swift; sourceTree = "<group>"; };
		769E972A2AA3C4FC004FC6B4 /* ContactInfoViewController.swift */ = {isa = PBXFileReference; lastKnownFileType = sourcecode.swift; path = ContactInfoViewController.swift; sourceTree = "<group>"; };
		769E972B2AA3C4FC004FC6B4 /* ContactInfoInteractor.swift */ = {isa = PBXFileReference; lastKnownFileType = sourcecode.swift; path = ContactInfoInteractor.swift; sourceTree = "<group>"; };
		769E972C2AA3C4FC004FC6B4 /* ContactInfoService.swift */ = {isa = PBXFileReference; lastKnownFileType = sourcecode.swift; path = ContactInfoService.swift; sourceTree = "<group>"; };
		769E97342AA3CA1B004FC6B4 /* ContactInfoHeaderCell.swift */ = {isa = PBXFileReference; lastKnownFileType = sourcecode.swift; path = ContactInfoHeaderCell.swift; sourceTree = "<group>"; };
		76B5040B2B47600300966DB6 /* MediaMessage.swift */ = {isa = PBXFileReference; lastKnownFileType = sourcecode.swift; path = MediaMessage.swift; sourceTree = "<group>"; };
		76CAA1352A8AA1F400D742E9 /* Babel.app */ = {isa = PBXFileReference; explicitFileType = wrapper.application; includeInIndex = 0; path = Babel.app; sourceTree = BUILT_PRODUCTS_DIR; };
		76CAA1382A8AA1F400D742E9 /* AppDelegate.swift */ = {isa = PBXFileReference; lastKnownFileType = sourcecode.swift; path = AppDelegate.swift; sourceTree = "<group>"; };
		76CAA13A2A8AA1F400D742E9 /* SceneDelegate.swift */ = {isa = PBXFileReference; lastKnownFileType = sourcecode.swift; path = SceneDelegate.swift; sourceTree = "<group>"; };
		76CAA1412A8AA1F600D742E9 /* Assets.xcassets */ = {isa = PBXFileReference; lastKnownFileType = folder.assetcatalog; path = Assets.xcassets; sourceTree = "<group>"; };
		76CAA1442A8AA1F600D742E9 /* Base */ = {isa = PBXFileReference; lastKnownFileType = file.storyboard; name = Base; path = Base.lproj/LaunchScreen.storyboard; sourceTree = "<group>"; };
		76CAA1462A8AA1F600D742E9 /* Info.plist */ = {isa = PBXFileReference; lastKnownFileType = text.plist.xml; path = Info.plist; sourceTree = "<group>"; };
		76CAA14B2A8AA1F600D742E9 /* BabelTests.xctest */ = {isa = PBXFileReference; explicitFileType = wrapper.cfbundle; includeInIndex = 0; path = BabelTests.xctest; sourceTree = BUILT_PRODUCTS_DIR; };
		76CAA14F2A8AA1F700D742E9 /* BabelTests.swift */ = {isa = PBXFileReference; lastKnownFileType = sourcecode.swift; path = BabelTests.swift; sourceTree = "<group>"; };
		76CAA1552A8AA1F700D742E9 /* BabelUITests.xctest */ = {isa = PBXFileReference; explicitFileType = wrapper.cfbundle; includeInIndex = 0; path = BabelUITests.xctest; sourceTree = BUILT_PRODUCTS_DIR; };
		76CAA1592A8AA1F700D742E9 /* BabelUITests.swift */ = {isa = PBXFileReference; lastKnownFileType = sourcecode.swift; path = BabelUITests.swift; sourceTree = "<group>"; };
		76CAA15B2A8AA1F700D742E9 /* BabelUITestsLaunchTests.swift */ = {isa = PBXFileReference; lastKnownFileType = sourcecode.swift; path = BabelUITestsLaunchTests.swift; sourceTree = "<group>"; };
		76CAA1722A8AA8F400D742E9 /* Dependencies.framework */ = {isa = PBXFileReference; explicitFileType = wrapper.framework; path = Dependencies.framework; sourceTree = BUILT_PRODUCTS_DIR; };
		76CAA1782A8AA94B00D742E9 /* Localizable.strings */ = {isa = PBXFileReference; lastKnownFileType = text.plist.strings; path = Localizable.strings; sourceTree = "<group>"; };
		76CAA17B2A8AA99F00D742E9 /* AuthManager.swift */ = {isa = PBXFileReference; lastKnownFileType = sourcecode.swift; path = AuthManager.swift; sourceTree = "<group>"; };
		76CAA17D2A8AA9B700D742E9 /* NetworkManager.swift */ = {isa = PBXFileReference; lastKnownFileType = sourcecode.swift; path = NetworkManager.swift; sourceTree = "<group>"; };
		76CAA1812A8AA9ED00D742E9 /* HomeFactory.swift */ = {isa = PBXFileReference; fileEncoding = 4; lastKnownFileType = sourcecode.swift; path = HomeFactory.swift; sourceTree = "<group>"; };
		76CAA1822A8AA9ED00D742E9 /* HomeInteractor.swift */ = {isa = PBXFileReference; fileEncoding = 4; lastKnownFileType = sourcecode.swift; path = HomeInteractor.swift; sourceTree = "<group>"; };
		76CAA1832A8AA9ED00D742E9 /* HomeViewController.swift */ = {isa = PBXFileReference; fileEncoding = 4; lastKnownFileType = sourcecode.swift; path = HomeViewController.swift; sourceTree = "<group>"; };
		76CAA1842A8AA9ED00D742E9 /* HomeRouter.swift */ = {isa = PBXFileReference; fileEncoding = 4; lastKnownFileType = sourcecode.swift; path = HomeRouter.swift; sourceTree = "<group>"; };
		76CAA1852A8AA9ED00D742E9 /* HomePresenter.swift */ = {isa = PBXFileReference; fileEncoding = 4; lastKnownFileType = sourcecode.swift; path = HomePresenter.swift; sourceTree = "<group>"; };
		76CAA1862A8AA9ED00D742E9 /* HomeService.swift */ = {isa = PBXFileReference; fileEncoding = 4; lastKnownFileType = sourcecode.swift; path = HomeService.swift; sourceTree = "<group>"; };
		76CAA18D2A8AAA6800D742E9 /* BabelResources.swift */ = {isa = PBXFileReference; lastKnownFileType = sourcecode.swift; path = BabelResources.swift; sourceTree = "<group>"; };
		76CAA18F2A8AAC0100D742E9 /* GoogleService-Info.plist */ = {isa = PBXFileReference; fileEncoding = 4; lastKnownFileType = text.plist.xml; path = "GoogleService-Info.plist"; sourceTree = "<group>"; };
		76D246752AC4A2CF00FDA81E /* ChatHelper.swift */ = {isa = PBXFileReference; lastKnownFileType = sourcecode.swift; path = ChatHelper.swift; sourceTree = "<group>"; };
		76D2467A2AC4AE7000FDA81E /* ChatFactory.swift */ = {isa = PBXFileReference; lastKnownFileType = sourcecode.swift; path = ChatFactory.swift; sourceTree = "<group>"; };
		76D2467B2AC4AE7000FDA81E /* ChatPresenter.swift */ = {isa = PBXFileReference; lastKnownFileType = sourcecode.swift; path = ChatPresenter.swift; sourceTree = "<group>"; };
		76D2467C2AC4AE7000FDA81E /* ChatRouter.swift */ = {isa = PBXFileReference; lastKnownFileType = sourcecode.swift; path = ChatRouter.swift; sourceTree = "<group>"; };
		76D2467D2AC4AE7000FDA81E /* ChatViewController.swift */ = {isa = PBXFileReference; lastKnownFileType = sourcecode.swift; path = ChatViewController.swift; sourceTree = "<group>"; };
		76D2467E2AC4AE7000FDA81E /* ChatInteractor.swift */ = {isa = PBXFileReference; lastKnownFileType = sourcecode.swift; path = ChatInteractor.swift; sourceTree = "<group>"; };
		76D2467F2AC4AE7000FDA81E /* ChatService.swift */ = {isa = PBXFileReference; lastKnownFileType = sourcecode.swift; path = ChatService.swift; sourceTree = "<group>"; };
		76D246872AC4B4A000FDA81E /* ChatDTO.swift */ = {isa = PBXFileReference; lastKnownFileType = sourcecode.swift; path = ChatDTO.swift; sourceTree = "<group>"; };
		76DA757D2B44C5B2000B7FD7 /* UIAlertAction+Extensions.swift */ = {isa = PBXFileReference; lastKnownFileType = sourcecode.swift; path = "UIAlertAction+Extensions.swift"; sourceTree = "<group>"; };
		76DA7EA12AB787C700106731 /* RecentChat.swift */ = {isa = PBXFileReference; lastKnownFileType = sourcecode.swift; path = RecentChat.swift; sourceTree = "<group>"; };
		76DA7EB62AB78D1F00106731 /* RecentChatsFactory.swift */ = {isa = PBXFileReference; lastKnownFileType = sourcecode.swift; path = RecentChatsFactory.swift; sourceTree = "<group>"; };
		76DA7EB72AB78D1F00106731 /* RecentChatsPresenter.swift */ = {isa = PBXFileReference; lastKnownFileType = sourcecode.swift; path = RecentChatsPresenter.swift; sourceTree = "<group>"; };
		76DA7EB82AB78D1F00106731 /* RecentChatsRouter.swift */ = {isa = PBXFileReference; lastKnownFileType = sourcecode.swift; path = RecentChatsRouter.swift; sourceTree = "<group>"; };
		76DA7EB92AB78D1F00106731 /* RecentChatsViewController.swift */ = {isa = PBXFileReference; lastKnownFileType = sourcecode.swift; path = RecentChatsViewController.swift; sourceTree = "<group>"; };
		76DA7EBA2AB78D1F00106731 /* RecentChatsInteractor.swift */ = {isa = PBXFileReference; lastKnownFileType = sourcecode.swift; path = RecentChatsInteractor.swift; sourceTree = "<group>"; };
		76DA7EBB2AB78D1F00106731 /* RecentChatsService.swift */ = {isa = PBXFileReference; lastKnownFileType = sourcecode.swift; path = RecentChatsService.swift; sourceTree = "<group>"; };
		76DA7EC32AB78E7400106731 /* RecentChatCell.swift */ = {isa = PBXFileReference; lastKnownFileType = sourcecode.swift; path = RecentChatCell.swift; sourceTree = "<group>"; };
/* End PBXFileReference section */

/* Begin PBXFrameworksBuildPhase section */
		76CAA1322A8AA1F400D742E9 /* Frameworks */ = {
			isa = PBXFrameworksBuildPhase;
			buildActionMask = 2147483647;
			files = (
				76228DA42A8AAF6200C27C7A /* Authenticator.framework in Frameworks */,
				76228DAA2A8AAF7000C27C7A /* DesignKit.framework in Frameworks */,
				76CAA1732A8AA8F400D742E9 /* Dependencies.framework in Frameworks */,
				76228DA72A8AAF6800C27C7A /* NetworkKit.framework in Frameworks */,
				7608DE292A9945BB0036027A /* GalleryKit.framework in Frameworks */,
				7608DE512A9960DC0036027A /* StorageKit.framework in Frameworks */,
			);
			runOnlyForDeploymentPostprocessing = 0;
		};
		76CAA1482A8AA1F600D742E9 /* Frameworks */ = {
			isa = PBXFrameworksBuildPhase;
			buildActionMask = 2147483647;
			files = (
			);
			runOnlyForDeploymentPostprocessing = 0;
		};
		76CAA1522A8AA1F700D742E9 /* Frameworks */ = {
			isa = PBXFrameworksBuildPhase;
			buildActionMask = 2147483647;
			files = (
			);
			runOnlyForDeploymentPostprocessing = 0;
		};
/* End PBXFrameworksBuildPhase section */

/* Begin PBXGroup section */
		7608DE602A9BAFCD0036027A /* EditBio */ = {
			isa = PBXGroup;
			children = (
				7608DE6D2A9BAFE60036027A /* Model */,
				7608DE612A9BAFDE0036027A /* EditBioFactory.swift */,
				7608DE622A9BAFDE0036027A /* EditBioPresenter.swift */,
				7608DE632A9BAFDE0036027A /* EditBioRouter.swift */,
				7608DE642A9BAFDE0036027A /* EditBioViewController.swift */,
				7608DE652A9BAFDE0036027A /* EditBioInteractor.swift */,
				7608DE662A9BAFDE0036027A /* EditBioService.swift */,
			);
			path = EditBio;
			sourceTree = "<group>";
		};
		7608DE6D2A9BAFE60036027A /* Model */ = {
			isa = PBXGroup;
			children = (
				7608DE6E2A9BAFF30036027A /* UserBio.swift */,
			);
			path = Model;
			sourceTree = "<group>";
		};
		7608DE782A9D008C0036027A /* Cells */ = {
			isa = PBXGroup;
			children = (
				7608DE792A9D00A60036027A /* UserCell.swift */,
			);
			path = Cells;
			sourceTree = "<group>";
		};
		7608DE7B2A9D247E0036027A /* UserContact */ = {
			isa = PBXGroup;
			children = (
				7608DE7C2A9D248E0036027A /* UserContact.swift */,
			);
			path = UserContact;
			sourceTree = "<group>";
		};
		7610118D2B3A010D004639C4 /* ChatViewExtensions */ = {
			isa = PBXGroup;
			children = (
				7610118E2B3A0128004639C4 /* MessageDataSource.swift */,
				761011902B3A0137004639C4 /* MessageCellDelegate.swift */,
				761011922B3A0147004639C4 /* MessageDisplayDelegate.swift */,
				761011942B3A0156004639C4 /* MessageLayoutDelegate.swift */,
				761011962B3A0168004639C4 /* InputBarAccessoryViewDelegate.swift */,
			);
			path = ChatViewExtensions;
			sourceTree = "<group>";
		};
		7610119E2B3A1773004639C4 /* RealmMessages */ = {
			isa = PBXGroup;
			children = (
				7610119C2B3A1768004639C4 /* LocalMessage.swift */,
			);
			path = RealmMessages;
			sourceTree = "<group>";
		};
		7620F2A72A92DB51002A4EB5 /* Models */ = {
			isa = PBXGroup;
			children = (
				7620F2A82A92DB70002A4EB5 /* HomeTabBarModel.swift */,
			);
			path = Models;
			sourceTree = "<group>";
		};
		7620F2AA2A92DDC2002A4EB5 /* Settings */ = {
			isa = PBXGroup;
			children = (
				7620F4312A956918002A4EB5 /* ViewModels */,
				7620F42E2A9568BF002A4EB5 /* Models */,
				7620F41E2A951210002A4EB5 /* Cells */,
				7620F2AE2A92DE1B002A4EB5 /* SettingsFactory.swift */,
				7620F2AF2A92DE1B002A4EB5 /* SettingsPresenter.swift */,
				7620F2B02A92DE1B002A4EB5 /* SettingsRouter.swift */,
				7620F2B12A92DE1B002A4EB5 /* SettingsViewController.swift */,
				7620F2B22A92DE1B002A4EB5 /* SettingsInteractor.swift */,
				7620F2B32A92DE1B002A4EB5 /* SettingsService.swift */,
			);
			path = Settings;
			sourceTree = "<group>";
		};
		7620F2AB2A92DDDA002A4EB5 /* Users */ = {
			isa = PBXGroup;
			children = (
				7608DE7B2A9D247E0036027A /* UserContact */,
				7608DE782A9D008C0036027A /* Cells */,
				7620F2D22A92EF74002A4EB5 /* UsersFactory.swift */,
				7620F2D32A92EF74002A4EB5 /* UsersPresenter.swift */,
				7620F2D42A92EF74002A4EB5 /* UsersRouter.swift */,
				7620F2D52A92EF74002A4EB5 /* UsersViewController.swift */,
				7620F2D62A92EF74002A4EB5 /* UsersInteractor.swift */,
				7620F2D72A92EF74002A4EB5 /* UsersService.swift */,
			);
			path = Users;
			sourceTree = "<group>";
		};
		7620F2AC2A92DDEF002A4EB5 /* Channels */ = {
			isa = PBXGroup;
			children = (
				7620F2C62A92EF69002A4EB5 /* ChannelsFactory.swift */,
				7620F2C72A92EF69002A4EB5 /* ChannelsPresenter.swift */,
				7620F2C82A92EF69002A4EB5 /* ChannelsRouter.swift */,
				7620F2C92A92EF69002A4EB5 /* ChannelsViewController.swift */,
				7620F2CA2A92EF69002A4EB5 /* ChannelsInteractor.swift */,
				7620F2CB2A92EF69002A4EB5 /* ChannelsService.swift */,
			);
			path = Channels;
			sourceTree = "<group>";
		};
		7620F2AD2A92DDFB002A4EB5 /* RecentChats */ = {
			isa = PBXGroup;
			children = (
				76DA7EC22AB78E6800106731 /* Cells */,
				76DA7EA02AB787B700106731 /* Models */,
				76DA7EB62AB78D1F00106731 /* RecentChatsFactory.swift */,
				76DA7EB72AB78D1F00106731 /* RecentChatsPresenter.swift */,
				76DA7EB82AB78D1F00106731 /* RecentChatsRouter.swift */,
				76DA7EB92AB78D1F00106731 /* RecentChatsViewController.swift */,
				76DA7EBA2AB78D1F00106731 /* RecentChatsInteractor.swift */,
				76DA7EBB2AB78D1F00106731 /* RecentChatsService.swift */,
			);
			path = RecentChats;
			sourceTree = "<group>";
		};
		7620F41E2A951210002A4EB5 /* Cells */ = {
			isa = PBXGroup;
			children = (
				7620F41F2A951280002A4EB5 /* SettingsButtonCell.swift */,
				7620F4292A9541AB002A4EB5 /* SettingsUserInfoCell.swift */,
			);
			path = Cells;
			sourceTree = "<group>";
		};
		7620F42B2A9567A3002A4EB5 /* Helpers */ = {
			isa = PBXGroup;
			children = (
				7620F42C2A9567B1002A4EB5 /* User.swift */,
				7669BA2C2ABDDA650002AD4C /* StartChat.swift */,
				76D246752AC4A2CF00FDA81E /* ChatHelper.swift */,
				761011982B3A0351004639C4 /* MessageKitDefaults.swift */,
				761011A92B3A6172004639C4 /* Constants.swift */,
				764303872B4650F20037721A /* FilesDirectory.swift */,
			);
			path = Helpers;
			sourceTree = "<group>";
		};
		7620F42E2A9568BF002A4EB5 /* Models */ = {
			isa = PBXGroup;
			children = (
				7620F42F2A9568D2002A4EB5 /* SettingsButtonViewModel.swift */,
			);
			path = Models;
			sourceTree = "<group>";
		};
		7620F4312A956918002A4EB5 /* ViewModels */ = {
			isa = PBXGroup;
			children = (
				7620F4322A95694B002A4EB5 /* SettingsViewModel.swift */,
			);
			path = ViewModels;
			sourceTree = "<group>";
		};
		7620F4372A9592A2002A4EB5 /* EditProfile */ = {
			isa = PBXGroup;
			children = (
				7620F45F2A96B2A2002A4EB5 /* Cells */,
				7620F4382A9592C2002A4EB5 /* EditProfileFactory.swift */,
				7620F4392A9592C2002A4EB5 /* EditProfilePresenter.swift */,
				7620F43A2A9592C2002A4EB5 /* EditProfileRouter.swift */,
				7620F43B2A9592C2002A4EB5 /* EditProfileViewController.swift */,
				7620F43C2A9592C2002A4EB5 /* EditProfileInteractor.swift */,
				7620F43D2A9592C2002A4EB5 /* EditProfileService.swift */,
			);
			path = EditProfile;
			sourceTree = "<group>";
		};
		7620F4452A9659D7002A4EB5 /* TellAFriend */ = {
			isa = PBXGroup;
			children = (
				7620F4472A9659F5002A4EB5 /* TellAFriendFactory.swift */,
				7620F4482A9659F5002A4EB5 /* TellAFriendPresenter.swift */,
				7620F4492A9659F5002A4EB5 /* TellAFriendRouter.swift */,
				7620F44A2A9659F5002A4EB5 /* TellAFriendViewController.swift */,
				7620F44B2A9659F5002A4EB5 /* TellAFriendInteractor.swift */,
				7620F44C2A9659F5002A4EB5 /* TellAFriendService.swift */,
			);
			path = TellAFriend;
			sourceTree = "<group>";
		};
		7620F4462A9659E3002A4EB5 /* TermsAndConditions */ = {
			isa = PBXGroup;
			children = (
				7620F4532A965A09002A4EB5 /* TermsFactory.swift */,
				7620F4542A965A09002A4EB5 /* TermsPresenter.swift */,
				7620F4552A965A09002A4EB5 /* TermsRouter.swift */,
				7620F4562A965A09002A4EB5 /* TermsViewController.swift */,
				7620F4572A965A09002A4EB5 /* TermsInteractor.swift */,
				7620F4582A965A09002A4EB5 /* TermsService.swift */,
			);
			path = TermsAndConditions;
			sourceTree = "<group>";
		};
		7620F45F2A96B2A2002A4EB5 /* Cells */ = {
			isa = PBXGroup;
			children = (
				7620F4602A96B31C002A4EB5 /* EditProfileHeaderCell.swift */,
			);
			path = Cells;
			sourceTree = "<group>";
		};
		7669BA282ABDD33D0002AD4C /* Extensions */ = {
			isa = PBXGroup;
			children = (
				7669BA292ABDD3550002AD4C /* Date+Extensions.swift */,
				76DA757D2B44C5B2000B7FD7 /* UIAlertAction+Extensions.swift */,
				764303892B4654B10037721A /* String+Extensions.swift */,
			);
			path = Extensions;
			sourceTree = "<group>";
		};
		7669BA2B2ABDD8670002AD4C /* TabBar */ = {
			isa = PBXGroup;
			children = (
				7620F2AD2A92DDFB002A4EB5 /* RecentChats */,
				7620F2AC2A92DDEF002A4EB5 /* Channels */,
				7620F2AB2A92DDDA002A4EB5 /* Users */,
				7620F2AA2A92DDC2002A4EB5 /* Settings */,
			);
			path = TabBar;
			sourceTree = "<group>";
		};
		769E97262AA3C4E7004FC6B4 /* ContactInfo */ = {
			isa = PBXGroup;
			children = (
				769E97332AA3C9F8004FC6B4 /* Cells */,
				769E97272AA3C4FC004FC6B4 /* ContactInfoFactory.swift */,
				769E97282AA3C4FC004FC6B4 /* ContactInfoPresenter.swift */,
				769E97292AA3C4FC004FC6B4 /* ContactInfoRouter.swift */,
				769E972A2AA3C4FC004FC6B4 /* ContactInfoViewController.swift */,
				769E972B2AA3C4FC004FC6B4 /* ContactInfoInteractor.swift */,
				769E972C2AA3C4FC004FC6B4 /* ContactInfoService.swift */,
			);
			path = ContactInfo;
			sourceTree = "<group>";
		};
		769E97332AA3C9F8004FC6B4 /* Cells */ = {
			isa = PBXGroup;
			children = (
				769E97342AA3CA1B004FC6B4 /* ContactInfoHeaderCell.swift */,
			);
			path = Cells;
			sourceTree = "<group>";
		};
		76CAA12C2A8AA1F400D742E9 = {
			isa = PBXGroup;
			children = (
				76CAA1372A8AA1F400D742E9 /* Babel */,
				76CAA14E2A8AA1F700D742E9 /* BabelTests */,
				76CAA1582A8AA1F700D742E9 /* BabelUITests */,
				76CAA1362A8AA1F400D742E9 /* Products */,
				76CAA1712A8AA8F400D742E9 /* Frameworks */,
			);
			sourceTree = "<group>";
		};
		76CAA1362A8AA1F400D742E9 /* Products */ = {
			isa = PBXGroup;
			children = (
				76CAA1352A8AA1F400D742E9 /* Babel.app */,
				76CAA14B2A8AA1F600D742E9 /* BabelTests.xctest */,
				76CAA1552A8AA1F700D742E9 /* BabelUITests.xctest */,
			);
			name = Products;
			sourceTree = "<group>";
		};
		76CAA1372A8AA1F400D742E9 /* Babel */ = {
			isa = PBXGroup;
			children = (
				7669BA282ABDD33D0002AD4C /* Extensions */,
				7620F42B2A9567A3002A4EB5 /* Helpers */,
				76CAA17F2A8AA9ED00D742E9 /* Scenes */,
				76CAA17A2A8AA99400D742E9 /* Managers */,
				76CAA1772A8AA93800D742E9 /* Localizable */,
				76CAA1762A8AA92F00D742E9 /* Generated */,
				76CAA18D2A8AAA6800D742E9 /* BabelResources.swift */,
				76CAA1382A8AA1F400D742E9 /* AppDelegate.swift */,
				76CAA13A2A8AA1F400D742E9 /* SceneDelegate.swift */,
				76CAA1412A8AA1F600D742E9 /* Assets.xcassets */,
				76CAA1432A8AA1F600D742E9 /* LaunchScreen.storyboard */,
				76CAA1462A8AA1F600D742E9 /* Info.plist */,
				76CAA18F2A8AAC0100D742E9 /* GoogleService-Info.plist */,
			);
			path = Babel;
			sourceTree = "<group>";
		};
		76CAA14E2A8AA1F700D742E9 /* BabelTests */ = {
			isa = PBXGroup;
			children = (
				76CAA14F2A8AA1F700D742E9 /* BabelTests.swift */,
			);
			path = BabelTests;
			sourceTree = "<group>";
		};
		76CAA1582A8AA1F700D742E9 /* BabelUITests */ = {
			isa = PBXGroup;
			children = (
				76CAA1592A8AA1F700D742E9 /* BabelUITests.swift */,
				76CAA15B2A8AA1F700D742E9 /* BabelUITestsLaunchTests.swift */,
			);
			path = BabelUITests;
			sourceTree = "<group>";
		};
		76CAA1712A8AA8F400D742E9 /* Frameworks */ = {
			isa = PBXGroup;
			children = (
				7608DE502A9960DC0036027A /* StorageKit.framework */,
				7608DE282A9945BB0036027A /* GalleryKit.framework */,
				76228DAF2A8AB03700C27C7A /* CoreKit.framework */,
				76228DA92A8AAF7000C27C7A /* DesignKit.framework */,
				76228DA62A8AAF6800C27C7A /* NetworkKit.framework */,
				76228DA32A8AAF6200C27C7A /* Authenticator.framework */,
				76CAA1722A8AA8F400D742E9 /* Dependencies.framework */,
			);
			name = Frameworks;
			sourceTree = "<group>";
		};
		76CAA1762A8AA92F00D742E9 /* Generated */ = {
			isa = PBXGroup;
			children = (
				767E4A052A8AB84700B55980 /* Strings.generated.swift */,
			);
			path = Generated;
			sourceTree = "<group>";
		};
		76CAA1772A8AA93800D742E9 /* Localizable */ = {
			isa = PBXGroup;
			children = (
				76CAA1782A8AA94B00D742E9 /* Localizable.strings */,
			);
			path = Localizable;
			sourceTree = "<group>";
		};
		76CAA17A2A8AA99400D742E9 /* Managers */ = {
			isa = PBXGroup;
			children = (
				7610119F2B3A1C52004639C4 /* RealmManager.swift */,
				76CAA17B2A8AA99F00D742E9 /* AuthManager.swift */,
				76CAA17D2A8AA9B700D742E9 /* NetworkManager.swift */,
				7608DE532A999F050036027A /* StorageManager.swift */,
			);
			path = Managers;
			sourceTree = "<group>";
		};
		76CAA17F2A8AA9ED00D742E9 /* Scenes */ = {
			isa = PBXGroup;
			children = (
				76D246792AC4AE5F00FDA81E /* Chat */,
				76CAA1802A8AA9ED00D742E9 /* Home */,
				7608DE602A9BAFCD0036027A /* EditBio */,
				7620F4462A9659E3002A4EB5 /* TermsAndConditions */,
				7620F4452A9659D7002A4EB5 /* TellAFriend */,
				7620F4372A9592A2002A4EB5 /* EditProfile */,
				769E97262AA3C4E7004FC6B4 /* ContactInfo */,
				7669BA2B2ABDD8670002AD4C /* TabBar */,
			);
			path = Scenes;
			sourceTree = "<group>";
		};
		76CAA1802A8AA9ED00D742E9 /* Home */ = {
			isa = PBXGroup;
			children = (
				7620F2A72A92DB51002A4EB5 /* Models */,
				76CAA1812A8AA9ED00D742E9 /* HomeFactory.swift */,
				76CAA1822A8AA9ED00D742E9 /* HomeInteractor.swift */,
				76CAA1832A8AA9ED00D742E9 /* HomeViewController.swift */,
				76CAA1842A8AA9ED00D742E9 /* HomeRouter.swift */,
				76CAA1852A8AA9ED00D742E9 /* HomePresenter.swift */,
				76CAA1862A8AA9ED00D742E9 /* HomeService.swift */,
			);
			path = Home;
			sourceTree = "<group>";
		};
		76D246792AC4AE5F00FDA81E /* Chat */ = {
			isa = PBXGroup;
			children = (
				7610118D2B3A010D004639C4 /* ChatViewExtensions */,
				76D246862AC4B49200FDA81E /* Models */,
				76D2467A2AC4AE7000FDA81E /* ChatFactory.swift */,
				76D2467B2AC4AE7000FDA81E /* ChatPresenter.swift */,
				76D2467C2AC4AE7000FDA81E /* ChatRouter.swift */,
				76D2467D2AC4AE7000FDA81E /* ChatViewController.swift */,
				76D2467E2AC4AE7000FDA81E /* ChatInteractor.swift */,
				76D2467F2AC4AE7000FDA81E /* ChatService.swift */,
			);
			path = Chat;
			sourceTree = "<group>";
		};
		76D246862AC4B49200FDA81E /* Models */ = {
			isa = PBXGroup;
			children = (
				76D246872AC4B4A000FDA81E /* ChatDTO.swift */,
				7610119A2B3A15CD004639C4 /* MKMessage.swift */,
				761011A12B3A2002004639C4 /* OutgoingMessage.swift */,
				761011AB2B3A688F004639C4 /* IncomingMessage.swift */,
				76B5040B2B47600300966DB6 /* MediaMessage.swift */,
				7610119E2B3A1773004639C4 /* RealmMessages */,
			);
			path = Models;
			sourceTree = "<group>";
		};
		76DA7EA02AB787B700106731 /* Models */ = {
			isa = PBXGroup;
			children = (
				76DA7EA12AB787C700106731 /* RecentChat.swift */,
			);
			path = Models;
			sourceTree = "<group>";
		};
		76DA7EC22AB78E6800106731 /* Cells */ = {
			isa = PBXGroup;
			children = (
				76DA7EC32AB78E7400106731 /* RecentChatCell.swift */,
			);
			path = Cells;
			sourceTree = "<group>";
		};
/* End PBXGroup section */

/* Begin PBXNativeTarget section */
		76CAA1342A8AA1F400D742E9 /* Babel */ = {
			isa = PBXNativeTarget;
			buildConfigurationList = 76CAA15F2A8AA1F700D742E9 /* Build configuration list for PBXNativeTarget "Babel" */;
			buildPhases = (
				76CAA1312A8AA1F400D742E9 /* Sources */,
				76CAA1322A8AA1F400D742E9 /* Frameworks */,
				76CAA1332A8AA1F400D742E9 /* Resources */,
				76CAA1752A8AA8F400D742E9 /* Embed Frameworks */,
				76CAA1912A8AACA100D742E9 /* Swiftgen Run Script */,
				76228DB62A8AB0A300C27C7A /* Crashlytics Run Script */,
			);
			buildRules = (
			);
			dependencies = (
			);
			name = Babel;
			productName = Babel;
			productReference = 76CAA1352A8AA1F400D742E9 /* Babel.app */;
			productType = "com.apple.product-type.application";
		};
		76CAA14A2A8AA1F600D742E9 /* BabelTests */ = {
			isa = PBXNativeTarget;
			buildConfigurationList = 76CAA1622A8AA1F700D742E9 /* Build configuration list for PBXNativeTarget "BabelTests" */;
			buildPhases = (
				76CAA1472A8AA1F600D742E9 /* Sources */,
				76CAA1482A8AA1F600D742E9 /* Frameworks */,
				76CAA1492A8AA1F600D742E9 /* Resources */,
			);
			buildRules = (
			);
			dependencies = (
				76CAA14D2A8AA1F700D742E9 /* PBXTargetDependency */,
			);
			name = BabelTests;
			productName = BabelTests;
			productReference = 76CAA14B2A8AA1F600D742E9 /* BabelTests.xctest */;
			productType = "com.apple.product-type.bundle.unit-test";
		};
		76CAA1542A8AA1F700D742E9 /* BabelUITests */ = {
			isa = PBXNativeTarget;
			buildConfigurationList = 76CAA1652A8AA1F700D742E9 /* Build configuration list for PBXNativeTarget "BabelUITests" */;
			buildPhases = (
				76CAA1512A8AA1F700D742E9 /* Sources */,
				76CAA1522A8AA1F700D742E9 /* Frameworks */,
				76CAA1532A8AA1F700D742E9 /* Resources */,
			);
			buildRules = (
			);
			dependencies = (
				76CAA1572A8AA1F700D742E9 /* PBXTargetDependency */,
			);
			name = BabelUITests;
			productName = BabelUITests;
			productReference = 76CAA1552A8AA1F700D742E9 /* BabelUITests.xctest */;
			productType = "com.apple.product-type.bundle.ui-testing";
		};
/* End PBXNativeTarget section */

/* Begin PBXProject section */
		76CAA12D2A8AA1F400D742E9 /* Project object */ = {
			isa = PBXProject;
			attributes = {
				BuildIndependentTargetsInParallel = 1;
				LastSwiftUpdateCheck = 1430;
				LastUpgradeCheck = 1430;
				TargetAttributes = {
					76CAA1342A8AA1F400D742E9 = {
						CreatedOnToolsVersion = 14.3.1;
					};
					76CAA14A2A8AA1F600D742E9 = {
						CreatedOnToolsVersion = 14.3.1;
						TestTargetID = 76CAA1342A8AA1F400D742E9;
					};
					76CAA1542A8AA1F700D742E9 = {
						CreatedOnToolsVersion = 14.3.1;
						TestTargetID = 76CAA1342A8AA1F400D742E9;
					};
				};
			};
			buildConfigurationList = 76CAA1302A8AA1F400D742E9 /* Build configuration list for PBXProject "Babel" */;
			compatibilityVersion = "Xcode 14.0";
			developmentRegion = en;
			hasScannedForEncodings = 0;
			knownRegions = (
				en,
				Base,
			);
			mainGroup = 76CAA12C2A8AA1F400D742E9;
			productRefGroup = 76CAA1362A8AA1F400D742E9 /* Products */;
			projectDirPath = "";
			projectRoot = "";
			targets = (
				76CAA1342A8AA1F400D742E9 /* Babel */,
				76CAA14A2A8AA1F600D742E9 /* BabelTests */,
				76CAA1542A8AA1F700D742E9 /* BabelUITests */,
			);
		};
/* End PBXProject section */

/* Begin PBXResourcesBuildPhase section */
		76CAA1332A8AA1F400D742E9 /* Resources */ = {
			isa = PBXResourcesBuildPhase;
			buildActionMask = 2147483647;
			files = (
				76CAA1452A8AA1F600D742E9 /* LaunchScreen.storyboard in Resources */,
				76CAA1902A8AAC0100D742E9 /* GoogleService-Info.plist in Resources */,
				76CAA1792A8AA94B00D742E9 /* Localizable.strings in Resources */,
				76CAA1422A8AA1F600D742E9 /* Assets.xcassets in Resources */,
			);
			runOnlyForDeploymentPostprocessing = 0;
		};
		76CAA1492A8AA1F600D742E9 /* Resources */ = {
			isa = PBXResourcesBuildPhase;
			buildActionMask = 2147483647;
			files = (
			);
			runOnlyForDeploymentPostprocessing = 0;
		};
		76CAA1532A8AA1F700D742E9 /* Resources */ = {
			isa = PBXResourcesBuildPhase;
			buildActionMask = 2147483647;
			files = (
			);
			runOnlyForDeploymentPostprocessing = 0;
		};
/* End PBXResourcesBuildPhase section */

/* Begin PBXShellScriptBuildPhase section */
		76228DB62A8AB0A300C27C7A /* Crashlytics Run Script */ = {
			isa = PBXShellScriptBuildPhase;
			alwaysOutOfDate = 1;
			buildActionMask = 2147483647;
			files = (
			);
			inputFileListPaths = (
			);
			inputPaths = (
				"${DWARF_DSYM_FOLDER_PATH}/${DWARF_DSYM_FILE_NAME}/Contents/Resources/DWARF/${TARGET_NAME}",
				"$(SRCROOT)/$(BUILT_PRODUCTS_DIR)/$(INFOPLIST_PATH)",
			);
			name = "Crashlytics Run Script";
			outputFileListPaths = (
			);
			outputPaths = (
			);
			runOnlyForDeploymentPostprocessing = 0;
			shellPath = /bin/sh;
			shellScript = "# Type a script or drag a script file from your workspace to insert its path.\n${BUILD_DIR%/Build/*}/SourcePackages/checkouts/firebase-ios-sdk/Crashlytics/run\n";
		};
		76CAA1912A8AACA100D742E9 /* Swiftgen Run Script */ = {
			isa = PBXShellScriptBuildPhase;
			alwaysOutOfDate = 1;
			buildActionMask = 2147483647;
			files = (
			);
			inputFileListPaths = (
			);
			inputPaths = (
			);
			name = "Swiftgen Run Script";
			outputFileListPaths = (
			);
			outputPaths = (
			);
			runOnlyForDeploymentPostprocessing = 0;
			shellPath = /bin/sh;
			shellScript = "if which swiftgen >/dev/null; then\n  swiftgen\nelse\n  echo \"warning: SwiftGen not installed, download it from https://github.com/SwiftGen/SwiftGen\"\nfi\n";
		};
/* End PBXShellScriptBuildPhase section */

/* Begin PBXSourcesBuildPhase section */
		76CAA1312A8AA1F400D742E9 /* Sources */ = {
			isa = PBXSourcesBuildPhase;
			buildActionMask = 2147483647;
			files = (
				7620F2CF2A92EF69002A4EB5 /* ChannelsViewController.swift in Sources */,
				7620F2D82A92EF74002A4EB5 /* UsersFactory.swift in Sources */,
				7620F2CE2A92EF69002A4EB5 /* ChannelsRouter.swift in Sources */,
				769E97302AA3C4FC004FC6B4 /* ContactInfoViewController.swift in Sources */,
				7620F44E2A9659F5002A4EB5 /* TellAFriendPresenter.swift in Sources */,
				7620F2A92A92DB70002A4EB5 /* HomeTabBarModel.swift in Sources */,
				76D246882AC4B4A000FDA81E /* ChatDTO.swift in Sources */,
				76EF5D492A905E3700D9AE8B /* DesignKit.framework in Sources */,
				761011912B3A0137004639C4 /* MessageCellDelegate.swift in Sources */,
				7620F4432A9592C2002A4EB5 /* EditProfileService.swift in Sources */,
				7608DE6F2A9BAFF30036027A /* UserBio.swift in Sources */,
				76DA7EA22AB787C700106731 /* RecentChat.swift in Sources */,
				7608DE692A9BAFDE0036027A /* EditBioRouter.swift in Sources */,
				76EF5D4A2A905E3700D9AE8B /* Authenticator.framework in Sources */,
				76DA757E2B44C5B2000B7FD7 /* UIAlertAction+Extensions.swift in Sources */,
				7669BA2A2ABDD3550002AD4C /* Date+Extensions.swift in Sources */,
				7620F2B82A92DE1B002A4EB5 /* SettingsInteractor.swift in Sources */,
				7620F2B62A92DE1B002A4EB5 /* SettingsRouter.swift in Sources */,
				7620F2D12A92EF69002A4EB5 /* ChannelsService.swift in Sources */,
				7608DE6C2A9BAFDE0036027A /* EditBioService.swift in Sources */,
				7620F2B52A92DE1B002A4EB5 /* SettingsPresenter.swift in Sources */,
				76D246802AC4AE7000FDA81E /* ChatFactory.swift in Sources */,
				761011A22B3A2002004639C4 /* OutgoingMessage.swift in Sources */,
				769E972F2AA3C4FC004FC6B4 /* ContactInfoRouter.swift in Sources */,
				7620F44F2A9659F5002A4EB5 /* TellAFriendRouter.swift in Sources */,
				7620F2B72A92DE1B002A4EB5 /* SettingsViewController.swift in Sources */,
				761011992B3A0351004639C4 /* MessageKitDefaults.swift in Sources */,
				7620F4522A9659F5002A4EB5 /* TellAFriendService.swift in Sources */,
				76DA7EBE2AB78D1F00106731 /* RecentChatsRouter.swift in Sources */,
				7620F4612A96B31C002A4EB5 /* EditProfileHeaderCell.swift in Sources */,
				767E4A062A8AB87000B55980 /* Strings.generated.swift in Sources */,
				76CAA18E2A8AAA6800D742E9 /* BabelResources.swift in Sources */,
				76D246812AC4AE7000FDA81E /* ChatPresenter.swift in Sources */,
				76DA7EBD2AB78D1F00106731 /* RecentChatsPresenter.swift in Sources */,
				76CAA17C2A8AA99F00D742E9 /* AuthManager.swift in Sources */,
				76D246852AC4AE7000FDA81E /* ChatService.swift in Sources */,
				7669BA2D2ABDDA650002AD4C /* StartChat.swift in Sources */,
				76CAA17E2A8AA9B700D742E9 /* NetworkManager.swift in Sources */,
				761011972B3A0168004639C4 /* InputBarAccessoryViewDelegate.swift in Sources */,
				76DA7EC12AB78D1F00106731 /* RecentChatsService.swift in Sources */,
				7620F2DD2A92EF74002A4EB5 /* UsersService.swift in Sources */,
				7620F42A2A9541AC002A4EB5 /* SettingsUserInfoCell.swift in Sources */,
				769E97322AA3C4FC004FC6B4 /* ContactInfoService.swift in Sources */,
				76D246822AC4AE7000FDA81E /* ChatRouter.swift in Sources */,
				76CAA18B2A8AA9ED00D742E9 /* HomePresenter.swift in Sources */,
				7620F2B92A92DE1B002A4EB5 /* SettingsService.swift in Sources */,
				7620F45E2A965A09002A4EB5 /* TermsService.swift in Sources */,
				7620F4332A95694B002A4EB5 /* SettingsViewModel.swift in Sources */,
				7620F45A2A965A09002A4EB5 /* TermsPresenter.swift in Sources */,
				769E972E2AA3C4FC004FC6B4 /* ContactInfoPresenter.swift in Sources */,
				761011AC2B3A688F004639C4 /* IncomingMessage.swift in Sources */,
				76CAA1892A8AA9ED00D742E9 /* HomeViewController.swift in Sources */,
				7608DE7D2A9D248E0036027A /* UserContact.swift in Sources */,
				7620F4512A9659F5002A4EB5 /* TellAFriendInteractor.swift in Sources */,
				7608DE7A2A9D00A60036027A /* UserCell.swift in Sources */,
				7620F2B42A92DE1B002A4EB5 /* SettingsFactory.swift in Sources */,
				76DA7EBF2AB78D1F00106731 /* RecentChatsViewController.swift in Sources */,
				761011952B3A0156004639C4 /* MessageLayoutDelegate.swift in Sources */,
				769E97352AA3CA1B004FC6B4 /* ContactInfoHeaderCell.swift in Sources */,
				7608DE672A9BAFDE0036027A /* EditBioFactory.swift in Sources */,
				761011A02B3A1C52004639C4 /* RealmManager.swift in Sources */,
				76CAA1392A8AA1F400D742E9 /* AppDelegate.swift in Sources */,
				7608DE6B2A9BAFDE0036027A /* EditBioInteractor.swift in Sources */,
				7620F2CD2A92EF69002A4EB5 /* ChannelsPresenter.swift in Sources */,
				7620F43E2A9592C2002A4EB5 /* EditProfileFactory.swift in Sources */,
				764303882B4650F20037721A /* FilesDirectory.swift in Sources */,
				7620F2CC2A92EF69002A4EB5 /* ChannelsFactory.swift in Sources */,
				7620F4592A965A09002A4EB5 /* TermsFactory.swift in Sources */,
				769E972D2AA3C4FC004FC6B4 /* ContactInfoFactory.swift in Sources */,
				7620F45C2A965A09002A4EB5 /* TermsViewController.swift in Sources */,
				76CAA13B2A8AA1F400D742E9 /* SceneDelegate.swift in Sources */,
				76DA7EBC2AB78D1F00106731 /* RecentChatsFactory.swift in Sources */,
				7608DE6A2A9BAFDE0036027A /* EditBioViewController.swift in Sources */,
				76D246762AC4A2CF00FDA81E /* ChatHelper.swift in Sources */,
				7610119D2B3A1768004639C4 /* LocalMessage.swift in Sources */,
				7620F2D92A92EF74002A4EB5 /* UsersPresenter.swift in Sources */,
				7620F4502A9659F5002A4EB5 /* TellAFriendViewController.swift in Sources */,
				7643038A2B4654B10037721A /* String+Extensions.swift in Sources */,
				76B5040C2B47600300966DB6 /* MediaMessage.swift in Sources */,
				7610119B2B3A15CD004639C4 /* MKMessage.swift in Sources */,
				7620F4302A9568D2002A4EB5 /* SettingsButtonViewModel.swift in Sources */,
				76CAA1872A8AA9ED00D742E9 /* HomeFactory.swift in Sources */,
				7620F4412A9592C2002A4EB5 /* EditProfileViewController.swift in Sources */,
				7620F4422A9592C2002A4EB5 /* EditProfileInteractor.swift in Sources */,
				7620F2DB2A92EF74002A4EB5 /* UsersViewController.swift in Sources */,
				7620F2D02A92EF69002A4EB5 /* ChannelsInteractor.swift in Sources */,
				769E97312AA3C4FC004FC6B4 /* ContactInfoInteractor.swift in Sources */,
				76D246842AC4AE7000FDA81E /* ChatInteractor.swift in Sources */,
				7620F2DC2A92EF74002A4EB5 /* UsersInteractor.swift in Sources */,
				7620F4402A9592C2002A4EB5 /* EditProfileRouter.swift in Sources */,
				7620F4202A951280002A4EB5 /* SettingsButtonCell.swift in Sources */,
				7620F44D2A9659F5002A4EB5 /* TellAFriendFactory.swift in Sources */,
				76DA7EC02AB78D1F00106731 /* RecentChatsInteractor.swift in Sources */,
				7620F45B2A965A09002A4EB5 /* TermsRouter.swift in Sources */,
				7610118F2B3A0128004639C4 /* MessageDataSource.swift in Sources */,
				7620F45D2A965A09002A4EB5 /* TermsInteractor.swift in Sources */,
				76CAA18C2A8AA9ED00D742E9 /* HomeService.swift in Sources */,
				7620F2DA2A92EF74002A4EB5 /* UsersRouter.swift in Sources */,
				76CAA18A2A8AA9ED00D742E9 /* HomeRouter.swift in Sources */,
				7620F43F2A9592C2002A4EB5 /* EditProfilePresenter.swift in Sources */,
				76CAA1882A8AA9ED00D742E9 /* HomeInteractor.swift in Sources */,
				76DA7EC42AB78E7400106731 /* RecentChatCell.swift in Sources */,
				76D246832AC4AE7000FDA81E /* ChatViewController.swift in Sources */,
				761011AA2B3A6172004639C4 /* Constants.swift in Sources */,
				761011932B3A0147004639C4 /* MessageDisplayDelegate.swift in Sources */,
				7620F42D2A9567B1002A4EB5 /* User.swift in Sources */,
				7608DE542A999F050036027A /* StorageManager.swift in Sources */,
				7608DE682A9BAFDE0036027A /* EditBioPresenter.swift in Sources */,
			);
			runOnlyForDeploymentPostprocessing = 0;
		};
		76CAA1472A8AA1F600D742E9 /* Sources */ = {
			isa = PBXSourcesBuildPhase;
			buildActionMask = 2147483647;
			files = (
				76CAA1502A8AA1F700D742E9 /* BabelTests.swift in Sources */,
			);
			runOnlyForDeploymentPostprocessing = 0;
		};
		76CAA1512A8AA1F700D742E9 /* Sources */ = {
			isa = PBXSourcesBuildPhase;
			buildActionMask = 2147483647;
			files = (
				76CAA15A2A8AA1F700D742E9 /* BabelUITests.swift in Sources */,
				76CAA15C2A8AA1F700D742E9 /* BabelUITestsLaunchTests.swift in Sources */,
			);
			runOnlyForDeploymentPostprocessing = 0;
		};
/* End PBXSourcesBuildPhase section */

/* Begin PBXTargetDependency section */
		76CAA14D2A8AA1F700D742E9 /* PBXTargetDependency */ = {
			isa = PBXTargetDependency;
			target = 76CAA1342A8AA1F400D742E9 /* Babel */;
			targetProxy = 76CAA14C2A8AA1F700D742E9 /* PBXContainerItemProxy */;
		};
		76CAA1572A8AA1F700D742E9 /* PBXTargetDependency */ = {
			isa = PBXTargetDependency;
			target = 76CAA1342A8AA1F400D742E9 /* Babel */;
			targetProxy = 76CAA1562A8AA1F700D742E9 /* PBXContainerItemProxy */;
		};
/* End PBXTargetDependency section */

/* Begin PBXVariantGroup section */
		76CAA1432A8AA1F600D742E9 /* LaunchScreen.storyboard */ = {
			isa = PBXVariantGroup;
			children = (
				76CAA1442A8AA1F600D742E9 /* Base */,
			);
			name = LaunchScreen.storyboard;
			sourceTree = "<group>";
		};
/* End PBXVariantGroup section */

/* Begin XCBuildConfiguration section */
		76CAA15D2A8AA1F700D742E9 /* Debug */ = {
			isa = XCBuildConfiguration;
			buildSettings = {
				ALWAYS_SEARCH_USER_PATHS = NO;
				CLANG_ANALYZER_NONNULL = YES;
				CLANG_ANALYZER_NUMBER_OBJECT_CONVERSION = YES_AGGRESSIVE;
				CLANG_CXX_LANGUAGE_STANDARD = "gnu++20";
				CLANG_ENABLE_MODULES = YES;
				CLANG_ENABLE_OBJC_ARC = YES;
				CLANG_ENABLE_OBJC_WEAK = YES;
				CLANG_WARN_BLOCK_CAPTURE_AUTORELEASING = YES;
				CLANG_WARN_BOOL_CONVERSION = YES;
				CLANG_WARN_COMMA = YES;
				CLANG_WARN_CONSTANT_CONVERSION = YES;
				CLANG_WARN_DEPRECATED_OBJC_IMPLEMENTATIONS = YES;
				CLANG_WARN_DIRECT_OBJC_ISA_USAGE = YES_ERROR;
				CLANG_WARN_DOCUMENTATION_COMMENTS = YES;
				CLANG_WARN_EMPTY_BODY = YES;
				CLANG_WARN_ENUM_CONVERSION = YES;
				CLANG_WARN_INFINITE_RECURSION = YES;
				CLANG_WARN_INT_CONVERSION = YES;
				CLANG_WARN_NON_LITERAL_NULL_CONVERSION = YES;
				CLANG_WARN_OBJC_IMPLICIT_RETAIN_SELF = YES;
				CLANG_WARN_OBJC_LITERAL_CONVERSION = YES;
				CLANG_WARN_OBJC_ROOT_CLASS = YES_ERROR;
				CLANG_WARN_QUOTED_INCLUDE_IN_FRAMEWORK_HEADER = YES;
				CLANG_WARN_RANGE_LOOP_ANALYSIS = YES;
				CLANG_WARN_STRICT_PROTOTYPES = YES;
				CLANG_WARN_SUSPICIOUS_MOVE = YES;
				CLANG_WARN_UNGUARDED_AVAILABILITY = YES_AGGRESSIVE;
				CLANG_WARN_UNREACHABLE_CODE = YES;
				CLANG_WARN__DUPLICATE_METHOD_MATCH = YES;
				COPY_PHASE_STRIP = NO;
				DEBUG_INFORMATION_FORMAT = "dwarf-with-dsym";
				ENABLE_STRICT_OBJC_MSGSEND = YES;
				ENABLE_TESTABILITY = YES;
				GCC_C_LANGUAGE_STANDARD = gnu11;
				GCC_DYNAMIC_NO_PIC = NO;
				GCC_NO_COMMON_BLOCKS = YES;
				GCC_OPTIMIZATION_LEVEL = 0;
				GCC_PREPROCESSOR_DEFINITIONS = (
					"DEBUG=1",
					"$(inherited)",
				);
				GCC_WARN_64_TO_32_BIT_CONVERSION = YES;
				GCC_WARN_ABOUT_RETURN_TYPE = YES_ERROR;
				GCC_WARN_UNDECLARED_SELECTOR = YES;
				GCC_WARN_UNINITIALIZED_AUTOS = YES_AGGRESSIVE;
				GCC_WARN_UNUSED_FUNCTION = YES;
				GCC_WARN_UNUSED_VARIABLE = YES;
				IPHONEOS_DEPLOYMENT_TARGET = 16.4;
				MTL_ENABLE_DEBUG_INFO = INCLUDE_SOURCE;
				MTL_FAST_MATH = YES;
				ONLY_ACTIVE_ARCH = YES;
				SDKROOT = iphoneos;
				SWIFT_ACTIVE_COMPILATION_CONDITIONS = DEBUG;
				SWIFT_OPTIMIZATION_LEVEL = "-Onone";
			};
			name = Debug;
		};
		76CAA15E2A8AA1F700D742E9 /* Release */ = {
			isa = XCBuildConfiguration;
			buildSettings = {
				ALWAYS_SEARCH_USER_PATHS = NO;
				CLANG_ANALYZER_NONNULL = YES;
				CLANG_ANALYZER_NUMBER_OBJECT_CONVERSION = YES_AGGRESSIVE;
				CLANG_CXX_LANGUAGE_STANDARD = "gnu++20";
				CLANG_ENABLE_MODULES = YES;
				CLANG_ENABLE_OBJC_ARC = YES;
				CLANG_ENABLE_OBJC_WEAK = YES;
				CLANG_WARN_BLOCK_CAPTURE_AUTORELEASING = YES;
				CLANG_WARN_BOOL_CONVERSION = YES;
				CLANG_WARN_COMMA = YES;
				CLANG_WARN_CONSTANT_CONVERSION = YES;
				CLANG_WARN_DEPRECATED_OBJC_IMPLEMENTATIONS = YES;
				CLANG_WARN_DIRECT_OBJC_ISA_USAGE = YES_ERROR;
				CLANG_WARN_DOCUMENTATION_COMMENTS = YES;
				CLANG_WARN_EMPTY_BODY = YES;
				CLANG_WARN_ENUM_CONVERSION = YES;
				CLANG_WARN_INFINITE_RECURSION = YES;
				CLANG_WARN_INT_CONVERSION = YES;
				CLANG_WARN_NON_LITERAL_NULL_CONVERSION = YES;
				CLANG_WARN_OBJC_IMPLICIT_RETAIN_SELF = YES;
				CLANG_WARN_OBJC_LITERAL_CONVERSION = YES;
				CLANG_WARN_OBJC_ROOT_CLASS = YES_ERROR;
				CLANG_WARN_QUOTED_INCLUDE_IN_FRAMEWORK_HEADER = YES;
				CLANG_WARN_RANGE_LOOP_ANALYSIS = YES;
				CLANG_WARN_STRICT_PROTOTYPES = YES;
				CLANG_WARN_SUSPICIOUS_MOVE = YES;
				CLANG_WARN_UNGUARDED_AVAILABILITY = YES_AGGRESSIVE;
				CLANG_WARN_UNREACHABLE_CODE = YES;
				CLANG_WARN__DUPLICATE_METHOD_MATCH = YES;
				COPY_PHASE_STRIP = NO;
				DEBUG_INFORMATION_FORMAT = "dwarf-with-dsym";
				ENABLE_NS_ASSERTIONS = NO;
				ENABLE_STRICT_OBJC_MSGSEND = YES;
				GCC_C_LANGUAGE_STANDARD = gnu11;
				GCC_NO_COMMON_BLOCKS = YES;
				GCC_WARN_64_TO_32_BIT_CONVERSION = YES;
				GCC_WARN_ABOUT_RETURN_TYPE = YES_ERROR;
				GCC_WARN_UNDECLARED_SELECTOR = YES;
				GCC_WARN_UNINITIALIZED_AUTOS = YES_AGGRESSIVE;
				GCC_WARN_UNUSED_FUNCTION = YES;
				GCC_WARN_UNUSED_VARIABLE = YES;
				IPHONEOS_DEPLOYMENT_TARGET = 16.4;
				MTL_ENABLE_DEBUG_INFO = NO;
				MTL_FAST_MATH = YES;
				SDKROOT = iphoneos;
				SWIFT_COMPILATION_MODE = wholemodule;
				SWIFT_OPTIMIZATION_LEVEL = "-O";
				VALIDATE_PRODUCT = YES;
			};
			name = Release;
		};
		76CAA1602A8AA1F700D742E9 /* Debug */ = {
			isa = XCBuildConfiguration;
			buildSettings = {
				ASSETCATALOG_COMPILER_APPICON_NAME = AppIcon;
				ASSETCATALOG_COMPILER_GLOBAL_ACCENT_COLOR_NAME = AccentColor;
				CODE_SIGN_IDENTITY = "Apple Development";
				CODE_SIGN_STYLE = Automatic;
				CURRENT_PROJECT_VERSION = 1;
				DEBUG_INFORMATION_FORMAT = "dwarf-with-dsym";
				DEVELOPMENT_TEAM = VZDNH969CP;
				GENERATE_INFOPLIST_FILE = YES;
				INFOPLIST_FILE = Babel/Info.plist;
				INFOPLIST_KEY_NSAppleMusicUsageDescription = "Babel requires to access your Media library";
				INFOPLIST_KEY_NSCameraUsageDescription = "Babel requires to access your Camera";
				INFOPLIST_KEY_NSPhotoLibraryUsageDescription = "Babel requires to access your Photo library";
				INFOPLIST_KEY_UIApplicationSupportsIndirectInputEvents = YES;
				INFOPLIST_KEY_UILaunchStoryboardName = LaunchScreen.storyboard;
				INFOPLIST_KEY_UIMainStoryboardFile = "";
				INFOPLIST_KEY_UIStatusBarStyle = "";
				INFOPLIST_KEY_UISupportedInterfaceOrientations = UIInterfaceOrientationPortrait;
				LD_RUNPATH_SEARCH_PATHS = (
					"$(inherited)",
					"@executable_path/Frameworks",
				);
				MARKETING_VERSION = 1.0;
				ONLY_ACTIVE_ARCH = YES;
				OTHER_LDFLAGS = "-ObjC";
				PRODUCT_BUNDLE_IDENTIFIER = lucasgonp.Babel;
				PRODUCT_NAME = "$(TARGET_NAME)";
				PROVISIONING_PROFILE_SPECIFIER = "";
				SCAN_ALL_SOURCE_FILES_FOR_INCLUDES = NO;
				SWIFT_EMIT_LOC_STRINGS = YES;
				SWIFT_VERSION = 5.0;
				TARGETED_DEVICE_FAMILY = "1,2";
			};
			name = Debug;
		};
		76CAA1612A8AA1F700D742E9 /* Release */ = {
			isa = XCBuildConfiguration;
			buildSettings = {
				ASSETCATALOG_COMPILER_APPICON_NAME = AppIcon;
				ASSETCATALOG_COMPILER_GLOBAL_ACCENT_COLOR_NAME = AccentColor;
				CODE_SIGN_IDENTITY = "Apple Development";
				CODE_SIGN_STYLE = Automatic;
				CURRENT_PROJECT_VERSION = 1;
				DEVELOPMENT_TEAM = VZDNH969CP;
				GENERATE_INFOPLIST_FILE = YES;
				INFOPLIST_FILE = Babel/Info.plist;
				INFOPLIST_KEY_NSAppleMusicUsageDescription = "Babel requires to access your Media library";
				INFOPLIST_KEY_NSCameraUsageDescription = "Babel requires to access your Camera";
				INFOPLIST_KEY_NSPhotoLibraryUsageDescription = "Babel requires to access your Photo library";
				INFOPLIST_KEY_UIApplicationSupportsIndirectInputEvents = YES;
				INFOPLIST_KEY_UILaunchStoryboardName = LaunchScreen.storyboard;
				INFOPLIST_KEY_UIMainStoryboardFile = "";
				INFOPLIST_KEY_UIStatusBarStyle = "";
				INFOPLIST_KEY_UISupportedInterfaceOrientations = UIInterfaceOrientationPortrait;
				LD_RUNPATH_SEARCH_PATHS = (
					"$(inherited)",
					"@executable_path/Frameworks",
				);
				MARKETING_VERSION = 1.0;
				ONLY_ACTIVE_ARCH = YES;
				OTHER_LDFLAGS = "-ObjC";
				PRODUCT_BUNDLE_IDENTIFIER = lucasgonp.Babel;
				PRODUCT_NAME = "$(TARGET_NAME)";
				PROVISIONING_PROFILE_SPECIFIER = "";
				SCAN_ALL_SOURCE_FILES_FOR_INCLUDES = NO;
				SWIFT_EMIT_LOC_STRINGS = YES;
				SWIFT_VERSION = 5.0;
				TARGETED_DEVICE_FAMILY = "1,2";
			};
			name = Release;
		};
		76CAA1632A8AA1F700D742E9 /* Debug */ = {
			isa = XCBuildConfiguration;
			buildSettings = {
				ALWAYS_EMBED_SWIFT_STANDARD_LIBRARIES = YES;
				BUNDLE_LOADER = "$(TEST_HOST)";
				CODE_SIGN_STYLE = Automatic;
				CURRENT_PROJECT_VERSION = 1;
				DEVELOPMENT_TEAM = VZDNH969CP;
				GENERATE_INFOPLIST_FILE = YES;
				IPHONEOS_DEPLOYMENT_TARGET = 16.4;
				MARKETING_VERSION = 1.0;
				PRODUCT_BUNDLE_IDENTIFIER = lucasgonp.BabelTests;
				PRODUCT_NAME = "$(TARGET_NAME)";
				SWIFT_EMIT_LOC_STRINGS = NO;
				SWIFT_VERSION = 5.0;
				TARGETED_DEVICE_FAMILY = "1,2";
				TEST_HOST = "$(BUILT_PRODUCTS_DIR)/Babel.app/$(BUNDLE_EXECUTABLE_FOLDER_PATH)/Babel";
			};
			name = Debug;
		};
		76CAA1642A8AA1F700D742E9 /* Release */ = {
			isa = XCBuildConfiguration;
			buildSettings = {
				ALWAYS_EMBED_SWIFT_STANDARD_LIBRARIES = YES;
				BUNDLE_LOADER = "$(TEST_HOST)";
				CODE_SIGN_STYLE = Automatic;
				CURRENT_PROJECT_VERSION = 1;
				DEVELOPMENT_TEAM = VZDNH969CP;
				GENERATE_INFOPLIST_FILE = YES;
				IPHONEOS_DEPLOYMENT_TARGET = 16.4;
				MARKETING_VERSION = 1.0;
				PRODUCT_BUNDLE_IDENTIFIER = lucasgonp.BabelTests;
				PRODUCT_NAME = "$(TARGET_NAME)";
				SWIFT_EMIT_LOC_STRINGS = NO;
				SWIFT_VERSION = 5.0;
				TARGETED_DEVICE_FAMILY = "1,2";
				TEST_HOST = "$(BUILT_PRODUCTS_DIR)/Babel.app/$(BUNDLE_EXECUTABLE_FOLDER_PATH)/Babel";
			};
			name = Release;
		};
		76CAA1662A8AA1F700D742E9 /* Debug */ = {
			isa = XCBuildConfiguration;
			buildSettings = {
				ALWAYS_EMBED_SWIFT_STANDARD_LIBRARIES = YES;
				CODE_SIGN_STYLE = Automatic;
				CURRENT_PROJECT_VERSION = 1;
				DEVELOPMENT_TEAM = VZDNH969CP;
				GENERATE_INFOPLIST_FILE = YES;
				MARKETING_VERSION = 1.0;
				PRODUCT_BUNDLE_IDENTIFIER = lucasgonp.BabelUITests;
				PRODUCT_NAME = "$(TARGET_NAME)";
				SWIFT_EMIT_LOC_STRINGS = NO;
				SWIFT_VERSION = 5.0;
				TARGETED_DEVICE_FAMILY = "1,2";
				TEST_TARGET_NAME = Babel;
			};
			name = Debug;
		};
		76CAA1672A8AA1F700D742E9 /* Release */ = {
			isa = XCBuildConfiguration;
			buildSettings = {
				ALWAYS_EMBED_SWIFT_STANDARD_LIBRARIES = YES;
				CODE_SIGN_STYLE = Automatic;
				CURRENT_PROJECT_VERSION = 1;
				DEVELOPMENT_TEAM = VZDNH969CP;
				GENERATE_INFOPLIST_FILE = YES;
				MARKETING_VERSION = 1.0;
				PRODUCT_BUNDLE_IDENTIFIER = lucasgonp.BabelUITests;
				PRODUCT_NAME = "$(TARGET_NAME)";
				SWIFT_EMIT_LOC_STRINGS = NO;
				SWIFT_VERSION = 5.0;
				TARGETED_DEVICE_FAMILY = "1,2";
				TEST_TARGET_NAME = Babel;
			};
			name = Release;
		};
/* End XCBuildConfiguration section */

/* Begin XCConfigurationList section */
		76CAA1302A8AA1F400D742E9 /* Build configuration list for PBXProject "Babel" */ = {
			isa = XCConfigurationList;
			buildConfigurations = (
				76CAA15D2A8AA1F700D742E9 /* Debug */,
				76CAA15E2A8AA1F700D742E9 /* Release */,
			);
			defaultConfigurationIsVisible = 0;
			defaultConfigurationName = Release;
		};
		76CAA15F2A8AA1F700D742E9 /* Build configuration list for PBXNativeTarget "Babel" */ = {
			isa = XCConfigurationList;
			buildConfigurations = (
				76CAA1602A8AA1F700D742E9 /* Debug */,
				76CAA1612A8AA1F700D742E9 /* Release */,
			);
			defaultConfigurationIsVisible = 0;
			defaultConfigurationName = Release;
		};
		76CAA1622A8AA1F700D742E9 /* Build configuration list for PBXNativeTarget "BabelTests" */ = {
			isa = XCConfigurationList;
			buildConfigurations = (
				76CAA1632A8AA1F700D742E9 /* Debug */,
				76CAA1642A8AA1F700D742E9 /* Release */,
			);
			defaultConfigurationIsVisible = 0;
			defaultConfigurationName = Release;
		};
		76CAA1652A8AA1F700D742E9 /* Build configuration list for PBXNativeTarget "BabelUITests" */ = {
			isa = XCConfigurationList;
			buildConfigurations = (
				76CAA1662A8AA1F700D742E9 /* Debug */,
				76CAA1672A8AA1F700D742E9 /* Release */,
			);
			defaultConfigurationIsVisible = 0;
			defaultConfigurationName = Release;
		};
/* End XCConfigurationList section */
	};
	rootObject = 76CAA12D2A8AA1F400D742E9 /* Project object */;
}
